// !$*UTF8*$!
{
	archiveVersion = 1;
	classes = {
	};
	objectVersion = 46;
	objects = {

/* Begin PBXBuildFile section */
		5655102C1EF109FC001098B7 /* IDPCarDispatcher.m in Sources */ = {isa = PBXBuildFile; fileRef = 56550FFE1EF109FC001098B7 /* IDPCarDispatcher.m */; };
		5655102D1EF109FC001098B7 /* IDPDispatcher.m in Sources */ = {isa = PBXBuildFile; fileRef = 565510001EF109FC001098B7 /* IDPDispatcher.m */; };
		5655102E1EF109FC001098B7 /* IDPGCD.m in Sources */ = {isa = PBXBuildFile; fileRef = 565510021EF109FC001098B7 /* IDPGCD.m */; };
		5655102F1EF109FC001098B7 /* IDPCar.m in Sources */ = {isa = PBXBuildFile; fileRef = 565510051EF109FC001098B7 /* IDPCar.m */; };
		565510301EF109FC001098B7 /* IDPEnterprise.m in Sources */ = {isa = PBXBuildFile; fileRef = 565510071EF109FC001098B7 /* IDPEnterprise.m */; };
		565510311EF109FC001098B7 /* IDPQueue.m in Sources */ = {isa = PBXBuildFile; fileRef = 565510091EF109FC001098B7 /* IDPQueue.m */; };
		565510321EF109FC001098B7 /* IDPTimerProxy.m in Sources */ = {isa = PBXBuildFile; fileRef = 5655100B1EF109FC001098B7 /* IDPTimerProxy.m */; };
		565510331EF109FC001098B7 /* NSArray+IDPExtensions.m in Sources */ = {isa = PBXBuildFile; fileRef = 5655100E1EF109FC001098B7 /* NSArray+IDPExtensions.m */; };
		565510341EF109FC001098B7 /* NSMutableArray+IDPExtensions.m in Sources */ = {isa = PBXBuildFile; fileRef = 565510101EF109FC001098B7 /* NSMutableArray+IDPExtensions.m */; };
		565510351EF109FC001098B7 /* NSObject+IDPExtensions.m in Sources */ = {isa = PBXBuildFile; fileRef = 565510121EF109FC001098B7 /* NSObject+IDPExtensions.m */; };
		565510361EF109FC001098B7 /* NSTimer+IDPExtensions.m in Sources */ = {isa = PBXBuildFile; fileRef = 565510141EF109FC001098B7 /* NSTimer+IDPExtensions.m */; };
		565510371EF109FC001098B7 /* IDPConstants.m in Sources */ = {isa = PBXBuildFile; fileRef = 565510171EF109FC001098B7 /* IDPConstants.m */; };
		565510381EF109FC001098B7 /* IDPRandom.m in Sources */ = {isa = PBXBuildFile; fileRef = 5655101A1EF109FC001098B7 /* IDPRandom.m */; };
		565510391EF109FC001098B7 /* main.m in Sources */ = {isa = PBXBuildFile; fileRef = 5655101B1EF109FC001098B7 /* main.m */; };
		5655103A1EF109FC001098B7 /* IDPCarWashTests.m in Sources */ = {isa = PBXBuildFile; fileRef = 5655101E1EF109FC001098B7 /* IDPCarWashTests.m */; };
		5655103B1EF109FC001098B7 /* IDPAccountant.m in Sources */ = {isa = PBXBuildFile; fileRef = 565510211EF109FC001098B7 /* IDPAccountant.m */; };
		5655103C1EF109FC001098B7 /* IDPDirector.m in Sources */ = {isa = PBXBuildFile; fileRef = 565510231EF109FC001098B7 /* IDPDirector.m */; };
		5655103D1EF109FC001098B7 /* IDPObservableObject.m in Sources */ = {isa = PBXBuildFile; fileRef = 565510261EF109FC001098B7 /* IDPObservableObject.m */; };
		5655103E1EF109FC001098B7 /* IDPWasher.m in Sources */ = {isa = PBXBuildFile; fileRef = 565510281EF109FC001098B7 /* IDPWasher.m */; };
		5655103F1EF109FC001098B7 /* IDPWorker.m in Sources */ = {isa = PBXBuildFile; fileRef = 5655102A1EF109FC001098B7 /* IDPWorker.m */; };
/* End PBXBuildFile section */

/* Begin PBXCopyFilesBuildPhase section */
		565183C61EE823A9007EEA53 /* CopyFiles */ = {
			isa = PBXCopyFilesBuildPhase;
			buildActionMask = 2147483647;
			dstPath = /usr/share/man/man1/;
			dstSubfolderSpec = 0;
			files = (
			);
			runOnlyForDeploymentPostprocessing = 1;
		};
/* End PBXCopyFilesBuildPhase section */

/* Begin PBXFileReference section */
		565183C81EE823A9007EEA53 /* Task09_ObjC */ = {isa = PBXFileReference; explicitFileType = "compiled.mach-o.executable"; includeInIndex = 0; path = Task09_ObjC; sourceTree = BUILT_PRODUCTS_DIR; };
		56550FFD1EF109FC001098B7 /* IDPCarDispatcher.h */ = {isa = PBXFileReference; fileEncoding = 4; lastKnownFileType = sourcecode.c.h; path = IDPCarDispatcher.h; sourceTree = "<group>"; };
		56550FFE1EF109FC001098B7 /* IDPCarDispatcher.m */ = {isa = PBXFileReference; fileEncoding = 4; lastKnownFileType = sourcecode.c.objc; path = IDPCarDispatcher.m; sourceTree = "<group>"; };
		56550FFF1EF109FC001098B7 /* IDPDispatcher.h */ = {isa = PBXFileReference; fileEncoding = 4; lastKnownFileType = sourcecode.c.h; path = IDPDispatcher.h; sourceTree = "<group>"; };
		565510001EF109FC001098B7 /* IDPDispatcher.m */ = {isa = PBXFileReference; fileEncoding = 4; lastKnownFileType = sourcecode.c.objc; path = IDPDispatcher.m; sourceTree = "<group>"; };
		565510011EF109FC001098B7 /* IDPGCD.h */ = {isa = PBXFileReference; fileEncoding = 4; lastKnownFileType = sourcecode.c.h; path = IDPGCD.h; sourceTree = "<group>"; };
		565510021EF109FC001098B7 /* IDPGCD.m */ = {isa = PBXFileReference; fileEncoding = 4; lastKnownFileType = sourcecode.c.objc; path = IDPGCD.m; sourceTree = "<group>"; };
		565510041EF109FC001098B7 /* IDPCar.h */ = {isa = PBXFileReference; fileEncoding = 4; lastKnownFileType = sourcecode.c.h; path = IDPCar.h; sourceTree = "<group>"; };
		565510051EF109FC001098B7 /* IDPCar.m */ = {isa = PBXFileReference; fileEncoding = 4; lastKnownFileType = sourcecode.c.objc; path = IDPCar.m; sourceTree = "<group>"; };
		565510061EF109FC001098B7 /* IDPEnterprise.h */ = {isa = PBXFileReference; fileEncoding = 4; lastKnownFileType = sourcecode.c.h; path = IDPEnterprise.h; sourceTree = "<group>"; };
		565510071EF109FC001098B7 /* IDPEnterprise.m */ = {isa = PBXFileReference; fileEncoding = 4; lastKnownFileType = sourcecode.c.objc; path = IDPEnterprise.m; sourceTree = "<group>"; };
		565510081EF109FC001098B7 /* IDPQueue.h */ = {isa = PBXFileReference; fileEncoding = 4; lastKnownFileType = sourcecode.c.h; path = IDPQueue.h; sourceTree = "<group>"; };
		565510091EF109FC001098B7 /* IDPQueue.m */ = {isa = PBXFileReference; fileEncoding = 4; lastKnownFileType = sourcecode.c.objc; path = IDPQueue.m; sourceTree = "<group>"; };
		5655100A1EF109FC001098B7 /* IDPTimerProxy.h */ = {isa = PBXFileReference; fileEncoding = 4; lastKnownFileType = sourcecode.c.h; path = IDPTimerProxy.h; sourceTree = "<group>"; };
		5655100B1EF109FC001098B7 /* IDPTimerProxy.m */ = {isa = PBXFileReference; fileEncoding = 4; lastKnownFileType = sourcecode.c.objc; path = IDPTimerProxy.m; sourceTree = "<group>"; };
		5655100D1EF109FC001098B7 /* NSArray+IDPExtensions.h */ = {isa = PBXFileReference; fileEncoding = 4; lastKnownFileType = sourcecode.c.h; path = "NSArray+IDPExtensions.h"; sourceTree = "<group>"; };
		5655100E1EF109FC001098B7 /* NSArray+IDPExtensions.m */ = {isa = PBXFileReference; fileEncoding = 4; lastKnownFileType = sourcecode.c.objc; path = "NSArray+IDPExtensions.m"; sourceTree = "<group>"; };
		5655100F1EF109FC001098B7 /* NSMutableArray+IDPExtensions.h */ = {isa = PBXFileReference; fileEncoding = 4; lastKnownFileType = sourcecode.c.h; path = "NSMutableArray+IDPExtensions.h"; sourceTree = "<group>"; };
		565510101EF109FC001098B7 /* NSMutableArray+IDPExtensions.m */ = {isa = PBXFileReference; fileEncoding = 4; lastKnownFileType = sourcecode.c.objc; path = "NSMutableArray+IDPExtensions.m"; sourceTree = "<group>"; };
		565510111EF109FC001098B7 /* NSObject+IDPExtensions.h */ = {isa = PBXFileReference; fileEncoding = 4; lastKnownFileType = sourcecode.c.h; path = "NSObject+IDPExtensions.h"; sourceTree = "<group>"; };
		565510121EF109FC001098B7 /* NSObject+IDPExtensions.m */ = {isa = PBXFileReference; fileEncoding = 4; lastKnownFileType = sourcecode.c.objc; path = "NSObject+IDPExtensions.m"; sourceTree = "<group>"; };
		565510131EF109FC001098B7 /* NSTimer+IDPExtensions.h */ = {isa = PBXFileReference; fileEncoding = 4; lastKnownFileType = sourcecode.c.h; path = "NSTimer+IDPExtensions.h"; sourceTree = "<group>"; };
		565510141EF109FC001098B7 /* NSTimer+IDPExtensions.m */ = {isa = PBXFileReference; fileEncoding = 4; lastKnownFileType = sourcecode.c.objc; path = "NSTimer+IDPExtensions.m"; sourceTree = "<group>"; };
		565510161EF109FC001098B7 /* IDPConstants.h */ = {isa = PBXFileReference; fileEncoding = 4; lastKnownFileType = sourcecode.c.h; path = IDPConstants.h; sourceTree = "<group>"; };
		565510171EF109FC001098B7 /* IDPConstants.m */ = {isa = PBXFileReference; fileEncoding = 4; lastKnownFileType = sourcecode.c.objc; path = IDPConstants.m; sourceTree = "<group>"; };
		565510181EF109FC001098B7 /* IDPMacros.h */ = {isa = PBXFileReference; fileEncoding = 4; lastKnownFileType = sourcecode.c.h; path = IDPMacros.h; sourceTree = "<group>"; };
		565510191EF109FC001098B7 /* IDPRandom.h */ = {isa = PBXFileReference; fileEncoding = 4; lastKnownFileType = sourcecode.c.h; path = IDPRandom.h; sourceTree = "<group>"; };
		5655101A1EF109FC001098B7 /* IDPRandom.m */ = {isa = PBXFileReference; fileEncoding = 4; lastKnownFileType = sourcecode.c.objc; path = IDPRandom.m; sourceTree = "<group>"; };
		5655101B1EF109FC001098B7 /* main.m */ = {isa = PBXFileReference; fileEncoding = 4; lastKnownFileType = sourcecode.c.objc; path = main.m; sourceTree = "<group>"; };
		5655101D1EF109FC001098B7 /* IDPCarWashTests.h */ = {isa = PBXFileReference; fileEncoding = 4; lastKnownFileType = sourcecode.c.h; path = IDPCarWashTests.h; sourceTree = "<group>"; };
		5655101E1EF109FC001098B7 /* IDPCarWashTests.m */ = {isa = PBXFileReference; fileEncoding = 4; lastKnownFileType = sourcecode.c.objc; path = IDPCarWashTests.m; sourceTree = "<group>"; };
		565510201EF109FC001098B7 /* IDPAccountant.h */ = {isa = PBXFileReference; fileEncoding = 4; lastKnownFileType = sourcecode.c.h; path = IDPAccountant.h; sourceTree = "<group>"; };
		565510211EF109FC001098B7 /* IDPAccountant.m */ = {isa = PBXFileReference; fileEncoding = 4; lastKnownFileType = sourcecode.c.objc; path = IDPAccountant.m; sourceTree = "<group>"; };
		565510221EF109FC001098B7 /* IDPDirector.h */ = {isa = PBXFileReference; fileEncoding = 4; lastKnownFileType = sourcecode.c.h; path = IDPDirector.h; sourceTree = "<group>"; };
		565510231EF109FC001098B7 /* IDPDirector.m */ = {isa = PBXFileReference; fileEncoding = 4; lastKnownFileType = sourcecode.c.objc; path = IDPDirector.m; sourceTree = "<group>"; };
		565510241EF109FC001098B7 /* IDPMoneyFlow.h */ = {isa = PBXFileReference; fileEncoding = 4; lastKnownFileType = sourcecode.c.h; path = IDPMoneyFlow.h; sourceTree = "<group>"; };
		565510251EF109FC001098B7 /* IDPObservableObject.h */ = {isa = PBXFileReference; fileEncoding = 4; lastKnownFileType = sourcecode.c.h; path = IDPObservableObject.h; sourceTree = "<group>"; };
		565510261EF109FC001098B7 /* IDPObservableObject.m */ = {isa = PBXFileReference; fileEncoding = 4; lastKnownFileType = sourcecode.c.objc; path = IDPObservableObject.m; sourceTree = "<group>"; };
		565510271EF109FC001098B7 /* IDPWasher.h */ = {isa = PBXFileReference; fileEncoding = 4; lastKnownFileType = sourcecode.c.h; path = IDPWasher.h; sourceTree = "<group>"; };
		565510281EF109FC001098B7 /* IDPWasher.m */ = {isa = PBXFileReference; fileEncoding = 4; lastKnownFileType = sourcecode.c.objc; path = IDPWasher.m; sourceTree = "<group>"; };
		565510291EF109FC001098B7 /* IDPWorker.h */ = {isa = PBXFileReference; fileEncoding = 4; lastKnownFileType = sourcecode.c.h; path = IDPWorker.h; sourceTree = "<group>"; };
		5655102A1EF109FC001098B7 /* IDPWorker.m */ = {isa = PBXFileReference; fileEncoding = 4; lastKnownFileType = sourcecode.c.objc; path = IDPWorker.m; sourceTree = "<group>"; };
		5655102B1EF109FC001098B7 /* IDPWorkerObserver.h */ = {isa = PBXFileReference; fileEncoding = 4; lastKnownFileType = sourcecode.c.h; path = IDPWorkerObserver.h; sourceTree = "<group>"; };
/* End PBXFileReference section */

/* Begin PBXFrameworksBuildPhase section */
		565183C51EE823A9007EEA53 /* Frameworks */ = {
			isa = PBXFrameworksBuildPhase;
			buildActionMask = 2147483647;
			files = (
			);
			runOnlyForDeploymentPostprocessing = 0;
		};
/* End PBXFrameworksBuildPhase section */

/* Begin PBXGroup section */
		565183BF1EE823A9007EEA53 = {
			isa = PBXGroup;
			children = (
				565183CA1EE823A9007EEA53 /* Task09_ObjC */,
				565183C91EE823A9007EEA53 /* Products */,
			);
			sourceTree = "<group>";
		};
		565183C91EE823A9007EEA53 /* Products */ = {
			isa = PBXGroup;
			children = (
				565183C81EE823A9007EEA53 /* Task09_ObjC */,
			);
			name = Products;
			sourceTree = "<group>";
		};
		565183CA1EE823A9007EEA53 /* Task09_ObjC */ = {
			isa = PBXGroup;
			children = (
				56550FFB1EF109FC001098B7 /* Sources */,
			);
			path = Task09_ObjC;
			sourceTree = "<group>";
		};
		56550FFB1EF109FC001098B7 /* Sources */ = {
			isa = PBXGroup;
			children = (
				56550FFC1EF109FC001098B7 /* Dispatcher */,
				565510031EF109FC001098B7 /* Enterprise */,
				5655100C1EF109FC001098B7 /* Extensions */,
				565510151EF109FC001098B7 /* Library */,
				5655101B1EF109FC001098B7 /* main.m */,
				5655101C1EF109FC001098B7 /* Tests */,
				5655101F1EF109FC001098B7 /* Workers */,
			);
			path = Sources;
			sourceTree = "<group>";
		};
		56550FFC1EF109FC001098B7 /* Dispatcher */ = {
			isa = PBXGroup;
			children = (
				56550FFD1EF109FC001098B7 /* IDPCarDispatcher.h */,
				56550FFE1EF109FC001098B7 /* IDPCarDispatcher.m */,
				56550FFF1EF109FC001098B7 /* IDPDispatcher.h */,
				565510001EF109FC001098B7 /* IDPDispatcher.m */,
				565510011EF109FC001098B7 /* IDPGCD.h */,
				565510021EF109FC001098B7 /* IDPGCD.m */,
			);
			path = Dispatcher;
			sourceTree = "<group>";
		};
		565510031EF109FC001098B7 /* Enterprise */ = {
			isa = PBXGroup;
			children = (
				565510041EF109FC001098B7 /* IDPCar.h */,
				565510051EF109FC001098B7 /* IDPCar.m */,
				565510061EF109FC001098B7 /* IDPEnterprise.h */,
				565510071EF109FC001098B7 /* IDPEnterprise.m */,
				565510081EF109FC001098B7 /* IDPQueue.h */,
				565510091EF109FC001098B7 /* IDPQueue.m */,
				5655100A1EF109FC001098B7 /* IDPTimerProxy.h */,
				5655100B1EF109FC001098B7 /* IDPTimerProxy.m */,
			);
			path = Enterprise;
			sourceTree = "<group>";
		};
		5655100C1EF109FC001098B7 /* Extensions */ = {
			isa = PBXGroup;
			children = (
				5655100D1EF109FC001098B7 /* NSArray+IDPExtensions.h */,
				5655100E1EF109FC001098B7 /* NSArray+IDPExtensions.m */,
				5655100F1EF109FC001098B7 /* NSMutableArray+IDPExtensions.h */,
				565510101EF109FC001098B7 /* NSMutableArray+IDPExtensions.m */,
				565510111EF109FC001098B7 /* NSObject+IDPExtensions.h */,
				565510121EF109FC001098B7 /* NSObject+IDPExtensions.m */,
				565510131EF109FC001098B7 /* NSTimer+IDPExtensions.h */,
				565510141EF109FC001098B7 /* NSTimer+IDPExtensions.m */,
			);
			path = Extensions;
			sourceTree = "<group>";
		};
		565510151EF109FC001098B7 /* Library */ = {
			isa = PBXGroup;
			children = (
				565510161EF109FC001098B7 /* IDPConstants.h */,
				565510171EF109FC001098B7 /* IDPConstants.m */,
				565510181EF109FC001098B7 /* IDPMacros.h */,
				565510191EF109FC001098B7 /* IDPRandom.h */,
				5655101A1EF109FC001098B7 /* IDPRandom.m */,
			);
			path = Library;
			sourceTree = "<group>";
		};
		5655101C1EF109FC001098B7 /* Tests */ = {
			isa = PBXGroup;
			children = (
				5655101D1EF109FC001098B7 /* IDPCarWashTests.h */,
				5655101E1EF109FC001098B7 /* IDPCarWashTests.m */,
			);
			path = Tests;
			sourceTree = "<group>";
		};
		5655101F1EF109FC001098B7 /* Workers */ = {
			isa = PBXGroup;
			children = (
				565510201EF109FC001098B7 /* IDPAccountant.h */,
				565510211EF109FC001098B7 /* IDPAccountant.m */,
				565510221EF109FC001098B7 /* IDPDirector.h */,
				565510231EF109FC001098B7 /* IDPDirector.m */,
				565510241EF109FC001098B7 /* IDPMoneyFlow.h */,
				565510251EF109FC001098B7 /* IDPObservableObject.h */,
				565510261EF109FC001098B7 /* IDPObservableObject.m */,
				565510271EF109FC001098B7 /* IDPWasher.h */,
				565510281EF109FC001098B7 /* IDPWasher.m */,
				565510291EF109FC001098B7 /* IDPWorker.h */,
				5655102A1EF109FC001098B7 /* IDPWorker.m */,
				5655102B1EF109FC001098B7 /* IDPWorkerObserver.h */,
			);
			path = Workers;
			sourceTree = "<group>";
		};
/* End PBXGroup section */

/* Begin PBXNativeTarget section */
		565183C71EE823A9007EEA53 /* Task09_ObjC */ = {
			isa = PBXNativeTarget;
			buildConfigurationList = 565183CF1EE823A9007EEA53 /* Build configuration list for PBXNativeTarget "Task09_ObjC" */;
			buildPhases = (
				565183C41EE823A9007EEA53 /* Sources */,
				565183C51EE823A9007EEA53 /* Frameworks */,
				565183C61EE823A9007EEA53 /* CopyFiles */,
			);
			buildRules = (
			);
			dependencies = (
			);
			name = Task09_ObjC;
			productName = Task09_ObjC;
			productReference = 565183C81EE823A9007EEA53 /* Task09_ObjC */;
			productType = "com.apple.product-type.tool";
		};
/* End PBXNativeTarget section */

/* Begin PBXProject section */
		565183C01EE823A9007EEA53 /* Project object */ = {
			isa = PBXProject;
			attributes = {
				LastUpgradeCheck = 0820;
				ORGANIZATIONNAME = Student003;
				TargetAttributes = {
					565183C71EE823A9007EEA53 = {
						CreatedOnToolsVersion = 8.2.1;
						ProvisioningStyle = Automatic;
					};
				};
			};
			buildConfigurationList = 565183C31EE823A9007EEA53 /* Build configuration list for PBXProject "Task09_ObjC" */;
			compatibilityVersion = "Xcode 3.2";
			developmentRegion = English;
			hasScannedForEncodings = 0;
			knownRegions = (
				en,
			);
			mainGroup = 565183BF1EE823A9007EEA53;
			productRefGroup = 565183C91EE823A9007EEA53 /* Products */;
			projectDirPath = "";
			projectRoot = "";
			targets = (
				565183C71EE823A9007EEA53 /* Task09_ObjC */,
			);
		};
/* End PBXProject section */

/* Begin PBXSourcesBuildPhase section */
		565183C41EE823A9007EEA53 /* Sources */ = {
			isa = PBXSourcesBuildPhase;
			buildActionMask = 2147483647;
			files = (
				5655103A1EF109FC001098B7 /* IDPCarWashTests.m in Sources */,
				5655102D1EF109FC001098B7 /* IDPDispatcher.m in Sources */,
				565510341EF109FC001098B7 /* NSMutableArray+IDPExtensions.m in Sources */,
				565510381EF109FC001098B7 /* IDPRandom.m in Sources */,
				565510311EF109FC001098B7 /* IDPQueue.m in Sources */,
				5655103F1EF109FC001098B7 /* IDPWorker.m in Sources */,
				5655103D1EF109FC001098B7 /* IDPObservableObject.m in Sources */,
				565510371EF109FC001098B7 /* IDPConstants.m in Sources */,
				565510361EF109FC001098B7 /* NSTimer+IDPExtensions.m in Sources */,
				5655103B1EF109FC001098B7 /* IDPAccountant.m in Sources */,
				565510331EF109FC001098B7 /* NSArray+IDPExtensions.m in Sources */,
				565510301EF109FC001098B7 /* IDPEnterprise.m in Sources */,
				5655102E1EF109FC001098B7 /* IDPGCD.m in Sources */,
				565510321EF109FC001098B7 /* IDPTimerProxy.m in Sources */,
				565510351EF109FC001098B7 /* NSObject+IDPExtensions.m in Sources */,
				5655103E1EF109FC001098B7 /* IDPWasher.m in Sources */,
				5655102F1EF109FC001098B7 /* IDPCar.m in Sources */,
				5655103C1EF109FC001098B7 /* IDPDirector.m in Sources */,
				565510391EF109FC001098B7 /* main.m in Sources */,
				5655102C1EF109FC001098B7 /* IDPCarDispatcher.m in Sources */,
			);
			runOnlyForDeploymentPostprocessing = 0;
		};
/* End PBXSourcesBuildPhase section */

/* Begin XCBuildConfiguration section */
		565183CD1EE823A9007EEA53 /* Debug */ = {
			isa = XCBuildConfiguration;
			buildSettings = {
				ALWAYS_SEARCH_USER_PATHS = NO;
				CLANG_ANALYZER_NONNULL = YES;
				CLANG_CXX_LANGUAGE_STANDARD = "gnu++0x";
				CLANG_CXX_LIBRARY = "libc++";
				CLANG_ENABLE_MODULES = YES;
				CLANG_ENABLE_OBJC_ARC = NO;
				CLANG_WARN_BOOL_CONVERSION = YES;
				CLANG_WARN_CONSTANT_CONVERSION = YES;
				CLANG_WARN_DIRECT_OBJC_ISA_USAGE = YES_ERROR;
				CLANG_WARN_DOCUMENTATION_COMMENTS = YES;
				CLANG_WARN_EMPTY_BODY = YES;
				CLANG_WARN_ENUM_CONVERSION = YES;
				CLANG_WARN_INFINITE_RECURSION = YES;
				CLANG_WARN_INT_CONVERSION = YES;
				CLANG_WARN_OBJC_ROOT_CLASS = YES_ERROR;
				CLANG_WARN_SUSPICIOUS_MOVE = YES;
				CLANG_WARN_UNREACHABLE_CODE = YES;
				CLANG_WARN__DUPLICATE_METHOD_MATCH = YES;
				CODE_SIGN_IDENTITY = "-";
				COPY_PHASE_STRIP = NO;
				DEBUG_INFORMATION_FORMAT = dwarf;
				ENABLE_STRICT_OBJC_MSGSEND = YES;
				ENABLE_TESTABILITY = YES;
				GCC_C_LANGUAGE_STANDARD = gnu99;
				GCC_DYNAMIC_NO_PIC = NO;
				GCC_NO_COMMON_BLOCKS = YES;
				GCC_OPTIMIZATION_LEVEL = 0;
				GCC_PREPROCESSOR_DEFINITIONS = (
					"DEBUG=1",
					"$(inherited)",
				);
				GCC_WARN_64_TO_32_BIT_CONVERSION = YES;
				GCC_WARN_ABOUT_RETURN_TYPE = YES_ERROR;
				GCC_WARN_UNDECLARED_SELECTOR = YES;
				GCC_WARN_UNINITIALIZED_AUTOS = YES_AGGRESSIVE;
				GCC_WARN_UNUSED_FUNCTION = YES;
				GCC_WARN_UNUSED_VARIABLE = YES;
				MACOSX_DEPLOYMENT_TARGET = 10.12;
				MTL_ENABLE_DEBUG_INFO = YES;
				ONLY_ACTIVE_ARCH = YES;
				SDKROOT = macosx;
			};
			name = Debug;
		};
		565183CE1EE823A9007EEA53 /* Release */ = {
			isa = XCBuildConfiguration;
			buildSettings = {
				ALWAYS_SEARCH_USER_PATHS = NO;
				CLANG_ANALYZER_NONNULL = YES;
				CLANG_CXX_LANGUAGE_STANDARD = "gnu++0x";
				CLANG_CXX_LIBRARY = "libc++";
				CLANG_ENABLE_MODULES = YES;
				CLANG_ENABLE_OBJC_ARC = NO;
				CLANG_WARN_BOOL_CONVERSION = YES;
				CLANG_WARN_CONSTANT_CONVERSION = YES;
				CLANG_WARN_DIRECT_OBJC_ISA_USAGE = YES_ERROR;
				CLANG_WARN_DOCUMENTATION_COMMENTS = YES;
				CLANG_WARN_EMPTY_BODY = YES;
				CLANG_WARN_ENUM_CONVERSION = YES;
				CLANG_WARN_INFINITE_RECURSION = YES;
				CLANG_WARN_INT_CONVERSION = YES;
				CLANG_WARN_OBJC_ROOT_CLASS = YES_ERROR;
				CLANG_WARN_SUSPICIOUS_MOVE = YES;
				CLANG_WARN_UNREACHABLE_CODE = YES;
				CLANG_WARN__DUPLICATE_METHOD_MATCH = YES;
				CODE_SIGN_IDENTITY = "-";
				COPY_PHASE_STRIP = NO;
				DEBUG_INFORMATION_FORMAT = "dwarf-with-dsym";
				ENABLE_NS_ASSERTIONS = NO;
				ENABLE_STRICT_OBJC_MSGSEND = YES;
				GCC_C_LANGUAGE_STANDARD = gnu99;
				GCC_NO_COMMON_BLOCKS = YES;
				GCC_WARN_64_TO_32_BIT_CONVERSION = YES;
				GCC_WARN_ABOUT_RETURN_TYPE = YES_ERROR;
				GCC_WARN_UNDECLARED_SELECTOR = YES;
				GCC_WARN_UNINITIALIZED_AUTOS = YES_AGGRESSIVE;
				GCC_WARN_UNUSED_FUNCTION = YES;
				GCC_WARN_UNUSED_VARIABLE = YES;
				MACOSX_DEPLOYMENT_TARGET = 10.12;
				MTL_ENABLE_DEBUG_INFO = NO;
				SDKROOT = macosx;
			};
			name = Release;
		};
		565183D01EE823A9007EEA53 /* Debug */ = {
			isa = XCBuildConfiguration;
			buildSettings = {
				PRODUCT_NAME = "$(TARGET_NAME)";
			};
			name = Debug;
		};
		565183D11EE823A9007EEA53 /* Release */ = {
			isa = XCBuildConfiguration;
			buildSettings = {
				PRODUCT_NAME = "$(TARGET_NAME)";
			};
			name = Release;
		};
/* End XCBuildConfiguration section */

/* Begin XCConfigurationList section */
		565183C31EE823A9007EEA53 /* Build configuration list for PBXProject "Task09_ObjC" */ = {
			isa = XCConfigurationList;
			buildConfigurations = (
				565183CD1EE823A9007EEA53 /* Debug */,
				565183CE1EE823A9007EEA53 /* Release */,
			);
			defaultConfigurationIsVisible = 0;
			defaultConfigurationName = Release;
		};
		565183CF1EE823A9007EEA53 /* Build configuration list for PBXNativeTarget "Task09_ObjC" */ = {
			isa = XCConfigurationList;
			buildConfigurations = (
				565183D01EE823A9007EEA53 /* Debug */,
				565183D11EE823A9007EEA53 /* Release */,
			);
			defaultConfigurationIsVisible = 0;
			defaultConfigurationName = Release;
		};
/* End XCConfigurationList section */
	};
	rootObject = 565183C01EE823A9007EEA53 /* Project object */;
}
