// !$*UTF8*$!
{
	archiveVersion = 1;
	classes = {
	};
	objectVersion = 46;
	objects = {

/* Begin PBXBuildFile section */
		5630DFC71EEE64F60048DF18 /* Assets.xcassets in Resources */ = {isa = PBXBuildFile; fileRef = 5630DFB91EEE64F60048DF18 /* Assets.xcassets */; };
		5630DFC81EEE64F60048DF18 /* LaunchScreen.storyboard in Resources */ = {isa = PBXBuildFile; fileRef = 5630DFBA1EEE64F60048DF18 /* LaunchScreen.storyboard */; };
		5630DFCA1EEE64F60048DF18 /* IDPAppDelegate.m in Sources */ = {isa = PBXBuildFile; fileRef = 5630DFC41EEE64F60048DF18 /* IDPAppDelegate.m */; };
		5630DFCB1EEE64F60048DF18 /* Info.plist in Resources */ = {isa = PBXBuildFile; fileRef = 5630DFC51EEE64F60048DF18 /* Info.plist */; };
		5630DFCC1EEE64F60048DF18 /* main.m in Sources */ = {isa = PBXBuildFile; fileRef = 5630DFC61EEE64F60048DF18 /* main.m */; };
		565510901EF177C4001098B7 /* IDPTableViewCell.m in Sources */ = {isa = PBXBuildFile; fileRef = 5655106E1EF177C4001098B7 /* IDPTableViewCell.m */; };
		565510911EF177C4001098B7 /* IDPRandom.m in Sources */ = {isa = PBXBuildFile; fileRef = 565510721EF177C4001098B7 /* IDPRandom.m */; };
		565510921EF177C4001098B7 /* NSString+IDPRandom.m in Sources */ = {isa = PBXBuildFile; fileRef = 565510741EF177C4001098B7 /* NSString+IDPRandom.m */; };
		565510931EF177C4001098B7 /* IDPSquare.m in Sources */ = {isa = PBXBuildFile; fileRef = 565510781EF177C4001098B7 /* IDPSquare.m */; };
		565510941EF177C4001098B7 /* IDPUser.m in Sources */ = {isa = PBXBuildFile; fileRef = 5655107B1EF177C4001098B7 /* IDPUser.m */; };
		565510951EF177C4001098B7 /* IDPMainView.m in Sources */ = {isa = PBXBuildFile; fileRef = 5655107F1EF177C4001098B7 /* IDPMainView.m */; };
		565510961EF177C4001098B7 /* IDPSquareViewController.m in Sources */ = {isa = PBXBuildFile; fileRef = 565510811EF177C4001098B7 /* IDPSquareViewController.m */; };
		565510971EF177C4001098B7 /* IDPSquareViewController.xib in Resources */ = {isa = PBXBuildFile; fileRef = 565510821EF177C4001098B7 /* IDPSquareViewController.xib */; };
		565510981EF177C4001098B7 /* IDPSquareView.m in Sources */ = {isa = PBXBuildFile; fileRef = 565510851EF177C4001098B7 /* IDPSquareView.m */; };
		565510991EF177C4001098B7 /* IDPUsersView.m in Sources */ = {isa = PBXBuildFile; fileRef = 565510881EF177C4001098B7 /* IDPUsersView.m */; };
		5655109A1EF177C4001098B7 /* IDPUsersViewController.m in Sources */ = {isa = PBXBuildFile; fileRef = 5655108A1EF177C4001098B7 /* IDPUsersViewController.m */; };
		5655109B1EF177C4001098B7 /* IDPUsersViewController.xib in Resources */ = {isa = PBXBuildFile; fileRef = 5655108B1EF177C4001098B7 /* IDPUsersViewController.xib */; };
		5655109C1EF177C4001098B7 /* IDPUserCell.m in Sources */ = {isa = PBXBuildFile; fileRef = 5655108E1EF177C4001098B7 /* IDPUserCell.m */; };
		5655109D1EF177C4001098B7 /* IDPUserCell.xib in Resources */ = {isa = PBXBuildFile; fileRef = 5655108F1EF177C4001098B7 /* IDPUserCell.xib */; };
/* End PBXBuildFile section */

/* Begin PBXFileReference section */
		5630DF9E1EEE64750048DF18 /* UITask01.app */ = {isa = PBXFileReference; explicitFileType = wrapper.application; includeInIndex = 0; path = UITask01.app; sourceTree = BUILT_PRODUCTS_DIR; };
		5630DFB91EEE64F60048DF18 /* Assets.xcassets */ = {isa = PBXFileReference; lastKnownFileType = folder.assetcatalog; path = Assets.xcassets; sourceTree = "<group>"; };
		5630DFBB1EEE64F60048DF18 /* Base */ = {isa = PBXFileReference; lastKnownFileType = file.storyboard; name = Base; path = Base.lproj/LaunchScreen.storyboard; sourceTree = "<group>"; };
		5630DFC31EEE64F60048DF18 /* IDPAppDelegate.h */ = {isa = PBXFileReference; fileEncoding = 4; lastKnownFileType = sourcecode.c.h; path = IDPAppDelegate.h; sourceTree = "<group>"; };
		5630DFC41EEE64F60048DF18 /* IDPAppDelegate.m */ = {isa = PBXFileReference; fileEncoding = 4; lastKnownFileType = sourcecode.c.objc; path = IDPAppDelegate.m; sourceTree = "<group>"; };
		5630DFC51EEE64F60048DF18 /* Info.plist */ = {isa = PBXFileReference; fileEncoding = 4; lastKnownFileType = text.plist.xml; path = Info.plist; sourceTree = "<group>"; };
		5630DFC61EEE64F60048DF18 /* main.m */ = {isa = PBXFileReference; fileEncoding = 4; lastKnownFileType = sourcecode.c.objc; path = main.m; sourceTree = "<group>"; };
		5655106D1EF177C4001098B7 /* IDPTableViewCell.h */ = {isa = PBXFileReference; fileEncoding = 4; lastKnownFileType = sourcecode.c.h; path = IDPTableViewCell.h; sourceTree = "<group>"; };
		5655106E1EF177C4001098B7 /* IDPTableViewCell.m */ = {isa = PBXFileReference; fileEncoding = 4; lastKnownFileType = sourcecode.c.objc; path = IDPTableViewCell.m; sourceTree = "<group>"; };
		5655106F1EF177C4001098B7 /* IDPMacro.h */ = {isa = PBXFileReference; fileEncoding = 4; lastKnownFileType = sourcecode.c.h; path = IDPMacro.h; sourceTree = "<group>"; };
		565510711EF177C4001098B7 /* IDPRandom.h */ = {isa = PBXFileReference; fileEncoding = 4; lastKnownFileType = sourcecode.c.h; path = IDPRandom.h; sourceTree = "<group>"; };
		565510721EF177C4001098B7 /* IDPRandom.m */ = {isa = PBXFileReference; fileEncoding = 4; lastKnownFileType = sourcecode.c.objc; path = IDPRandom.m; sourceTree = "<group>"; };
		565510731EF177C4001098B7 /* NSString+IDPRandom.h */ = {isa = PBXFileReference; fileEncoding = 4; lastKnownFileType = sourcecode.c.h; path = "NSString+IDPRandom.h"; sourceTree = "<group>"; };
		565510741EF177C4001098B7 /* NSString+IDPRandom.m */ = {isa = PBXFileReference; fileEncoding = 4; lastKnownFileType = sourcecode.c.objc; path = "NSString+IDPRandom.m"; sourceTree = "<group>"; };
		565510771EF177C4001098B7 /* IDPSquare.h */ = {isa = PBXFileReference; fileEncoding = 4; lastKnownFileType = sourcecode.c.h; path = IDPSquare.h; sourceTree = "<group>"; };
		565510781EF177C4001098B7 /* IDPSquare.m */ = {isa = PBXFileReference; fileEncoding = 4; lastKnownFileType = sourcecode.c.objc; path = IDPSquare.m; sourceTree = "<group>"; };
		5655107A1EF177C4001098B7 /* IDPUser.h */ = {isa = PBXFileReference; fileEncoding = 4; lastKnownFileType = sourcecode.c.h; path = IDPUser.h; sourceTree = "<group>"; };
		5655107B1EF177C4001098B7 /* IDPUser.m */ = {isa = PBXFileReference; fileEncoding = 4; lastKnownFileType = sourcecode.c.objc; path = IDPUser.m; sourceTree = "<group>"; };
		5655107E1EF177C4001098B7 /* IDPMainView.h */ = {isa = PBXFileReference; fileEncoding = 4; lastKnownFileType = sourcecode.c.h; path = IDPMainView.h; sourceTree = "<group>"; };
		5655107F1EF177C4001098B7 /* IDPMainView.m */ = {isa = PBXFileReference; fileEncoding = 4; lastKnownFileType = sourcecode.c.objc; path = IDPMainView.m; sourceTree = "<group>"; };
		565510801EF177C4001098B7 /* IDPSquareViewController.h */ = {isa = PBXFileReference; fileEncoding = 4; lastKnownFileType = sourcecode.c.h; path = IDPSquareViewController.h; sourceTree = "<group>"; };
		565510811EF177C4001098B7 /* IDPSquareViewController.m */ = {isa = PBXFileReference; fileEncoding = 4; lastKnownFileType = sourcecode.c.objc; path = IDPSquareViewController.m; sourceTree = "<group>"; };
		565510821EF177C4001098B7 /* IDPSquareViewController.xib */ = {isa = PBXFileReference; fileEncoding = 4; lastKnownFileType = file.xib; path = IDPSquareViewController.xib; sourceTree = "<group>"; };
		565510841EF177C4001098B7 /* IDPSquareView.h */ = {isa = PBXFileReference; fileEncoding = 4; lastKnownFileType = sourcecode.c.h; path = IDPSquareView.h; sourceTree = "<group>"; };
		565510851EF177C4001098B7 /* IDPSquareView.m */ = {isa = PBXFileReference; fileEncoding = 4; lastKnownFileType = sourcecode.c.objc; path = IDPSquareView.m; sourceTree = "<group>"; };
		565510871EF177C4001098B7 /* IDPUsersView.h */ = {isa = PBXFileReference; fileEncoding = 4; lastKnownFileType = sourcecode.c.h; path = IDPUsersView.h; sourceTree = "<group>"; };
		565510881EF177C4001098B7 /* IDPUsersView.m */ = {isa = PBXFileReference; fileEncoding = 4; lastKnownFileType = sourcecode.c.objc; path = IDPUsersView.m; sourceTree = "<group>"; };
		565510891EF177C4001098B7 /* IDPUsersViewController.h */ = {isa = PBXFileReference; fileEncoding = 4; lastKnownFileType = sourcecode.c.h; path = IDPUsersViewController.h; sourceTree = "<group>"; };
		5655108A1EF177C4001098B7 /* IDPUsersViewController.m */ = {isa = PBXFileReference; fileEncoding = 4; lastKnownFileType = sourcecode.c.objc; path = IDPUsersViewController.m; sourceTree = "<group>"; };
		5655108B1EF177C4001098B7 /* IDPUsersViewController.xib */ = {isa = PBXFileReference; fileEncoding = 4; lastKnownFileType = file.xib; path = IDPUsersViewController.xib; sourceTree = "<group>"; };
		5655108D1EF177C4001098B7 /* IDPUserCell.h */ = {isa = PBXFileReference; fileEncoding = 4; lastKnownFileType = sourcecode.c.h; path = IDPUserCell.h; sourceTree = "<group>"; };
		5655108E1EF177C4001098B7 /* IDPUserCell.m */ = {isa = PBXFileReference; fileEncoding = 4; lastKnownFileType = sourcecode.c.objc; path = IDPUserCell.m; sourceTree = "<group>"; };
		5655108F1EF177C4001098B7 /* IDPUserCell.xib */ = {isa = PBXFileReference; fileEncoding = 4; lastKnownFileType = file.xib; path = IDPUserCell.xib; sourceTree = "<group>"; };
/* End PBXFileReference section */

/* Begin PBXFrameworksBuildPhase section */
		5630DF9B1EEE64750048DF18 /* Frameworks */ = {
			isa = PBXFrameworksBuildPhase;
			buildActionMask = 2147483647;
			files = (
			);
			runOnlyForDeploymentPostprocessing = 0;
		};
/* End PBXFrameworksBuildPhase section */

/* Begin PBXGroup section */
		5630DF951EEE64750048DF18 = {
			isa = PBXGroup;
			children = (
				565510691EF177C4001098B7 /* Sources */,
				5630DFB81EEE64F60048DF18 /* Resources */,
				5630DFC21EEE64F60048DF18 /* UITask01 */,
				5630DF9F1EEE64750048DF18 /* Products */,
			);
			sourceTree = "<group>";
		};
		5630DF9F1EEE64750048DF18 /* Products */ = {
			isa = PBXGroup;
			children = (
				5630DF9E1EEE64750048DF18 /* UITask01.app */,
			);
			name = Products;
			sourceTree = "<group>";
		};
		5630DFB81EEE64F60048DF18 /* Resources */ = {
			isa = PBXGroup;
			children = (
				5630DFB91EEE64F60048DF18 /* Assets.xcassets */,
				5630DFBA1EEE64F60048DF18 /* LaunchScreen.storyboard */,
			);
			path = Resources;
			sourceTree = "<group>";
		};
		5630DFC21EEE64F60048DF18 /* UITask01 */ = {
			isa = PBXGroup;
			children = (
				5630DFC31EEE64F60048DF18 /* IDPAppDelegate.h */,
				5630DFC41EEE64F60048DF18 /* IDPAppDelegate.m */,
				5630DFC51EEE64F60048DF18 /* Info.plist */,
				5630DFC61EEE64F60048DF18 /* main.m */,
			);
			path = UITask01;
			sourceTree = "<group>";
		};
		565510691EF177C4001098B7 /* Sources */ = {
			isa = PBXGroup;
			children = (
				5655106A1EF177C4001098B7 /* Library */,
				565510751EF177C4001098B7 /* Models */,
				5655107C1EF177C4001098B7 /* UI */,
			);
			path = Sources;
			sourceTree = "<group>";
		};
		5655106A1EF177C4001098B7 /* Library */ = {
			isa = PBXGroup;
			children = (
				5655106B1EF177C4001098B7 /* Classes */,
				5655106F1EF177C4001098B7 /* IDPMacro.h */,
				565510701EF177C4001098B7 /* IDPRandomString */,
			);
			path = Library;
			sourceTree = "<group>";
		};
		5655106B1EF177C4001098B7 /* Classes */ = {
			isa = PBXGroup;
			children = (
				5655106C1EF177C4001098B7 /* IDPTableViewCell */,
			);
			path = Classes;
			sourceTree = "<group>";
		};
		5655106C1EF177C4001098B7 /* IDPTableViewCell */ = {
			isa = PBXGroup;
			children = (
				5655106D1EF177C4001098B7 /* IDPTableViewCell.h */,
				5655106E1EF177C4001098B7 /* IDPTableViewCell.m */,
			);
			path = IDPTableViewCell;
			sourceTree = "<group>";
		};
		565510701EF177C4001098B7 /* IDPRandomString */ = {
			isa = PBXGroup;
			children = (
				565510711EF177C4001098B7 /* IDPRandom.h */,
				565510721EF177C4001098B7 /* IDPRandom.m */,
				565510731EF177C4001098B7 /* NSString+IDPRandom.h */,
				565510741EF177C4001098B7 /* NSString+IDPRandom.m */,
			);
			path = IDPRandomString;
			sourceTree = "<group>";
		};
		565510751EF177C4001098B7 /* Models */ = {
			isa = PBXGroup;
			children = (
				565510761EF177C4001098B7 /* IDPSquare */,
				565510791EF177C4001098B7 /* IDPUser */,
			);
			path = Models;
			sourceTree = "<group>";
		};
		565510761EF177C4001098B7 /* IDPSquare */ = {
			isa = PBXGroup;
			children = (
				565510771EF177C4001098B7 /* IDPSquare.h */,
				565510781EF177C4001098B7 /* IDPSquare.m */,
			);
			path = IDPSquare;
			sourceTree = "<group>";
		};
		565510791EF177C4001098B7 /* IDPUser */ = {
			isa = PBXGroup;
			children = (
				5655107A1EF177C4001098B7 /* IDPUser.h */,
				5655107B1EF177C4001098B7 /* IDPUser.m */,
			);
			path = IDPUser;
			sourceTree = "<group>";
		};
		5655107C1EF177C4001098B7 /* UI */ = {
			isa = PBXGroup;
			children = (
				5655107D1EF177C4001098B7 /* IDPSquareViewVontroller */,
				565510861EF177C4001098B7 /* IDPUsersViewController */,
			);
			path = UI;
			sourceTree = "<group>";
		};
		5655107D1EF177C4001098B7 /* IDPSquareViewVontroller */ = {
			isa = PBXGroup;
			children = (
				5655107E1EF177C4001098B7 /* IDPMainView.h */,
				5655107F1EF177C4001098B7 /* IDPMainView.m */,
				565510801EF177C4001098B7 /* IDPSquareViewController.h */,
				565510811EF177C4001098B7 /* IDPSquareViewController.m */,
				565510821EF177C4001098B7 /* IDPSquareViewController.xib */,
				565510831EF177C4001098B7 /* Views */,
			);
			path = IDPSquareViewVontroller;
			sourceTree = "<group>";
		};
		565510831EF177C4001098B7 /* Views */ = {
			isa = PBXGroup;
			children = (
				565510841EF177C4001098B7 /* IDPSquareView.h */,
				565510851EF177C4001098B7 /* IDPSquareView.m */,
			);
			path = Views;
			sourceTree = "<group>";
		};
		565510861EF177C4001098B7 /* IDPUsersViewController */ = {
			isa = PBXGroup;
			children = (
				565510871EF177C4001098B7 /* IDPUsersView.h */,
				565510881EF177C4001098B7 /* IDPUsersView.m */,
				565510891EF177C4001098B7 /* IDPUsersViewController.h */,
				5655108A1EF177C4001098B7 /* IDPUsersViewController.m */,
				5655108B1EF177C4001098B7 /* IDPUsersViewController.xib */,
				5655108C1EF177C4001098B7 /* Views */,
			);
			path = IDPUsersViewController;
			sourceTree = "<group>";
		};
		5655108C1EF177C4001098B7 /* Views */ = {
			isa = PBXGroup;
			children = (
				5655108D1EF177C4001098B7 /* IDPUserCell.h */,
				5655108E1EF177C4001098B7 /* IDPUserCell.m */,
				5655108F1EF177C4001098B7 /* IDPUserCell.xib */,
			);
			path = Views;
			sourceTree = "<group>";
		};
/* End PBXGroup section */

/* Begin PBXNativeTarget section */
		5630DF9D1EEE64750048DF18 /* UITask01 */ = {
			isa = PBXNativeTarget;
			buildConfigurationList = 5630DFB51EEE64750048DF18 /* Build configuration list for PBXNativeTarget "UITask01" */;
			buildPhases = (
				5630DF9A1EEE64750048DF18 /* Sources */,
				5630DF9B1EEE64750048DF18 /* Frameworks */,
				5630DF9C1EEE64750048DF18 /* Resources */,
			);
			buildRules = (
			);
			dependencies = (
			);
			name = UITask01;
			productName = UITask01;
			productReference = 5630DF9E1EEE64750048DF18 /* UITask01.app */;
			productType = "com.apple.product-type.application";
		};
/* End PBXNativeTarget section */

/* Begin PBXProject section */
		5630DF961EEE64750048DF18 /* Project object */ = {
			isa = PBXProject;
			attributes = {
				LastUpgradeCheck = 0820;
				ORGANIZATIONNAME = Student003;
				TargetAttributes = {
					5630DF9D1EEE64750048DF18 = {
						CreatedOnToolsVersion = 8.2.1;
						ProvisioningStyle = Automatic;
					};
				};
			};
			buildConfigurationList = 5630DF991EEE64750048DF18 /* Build configuration list for PBXProject "UITask01" */;
			compatibilityVersion = "Xcode 3.2";
			developmentRegion = English;
			hasScannedForEncodings = 0;
			knownRegions = (
				en,
				Base,
			);
			mainGroup = 5630DF951EEE64750048DF18;
			productRefGroup = 5630DF9F1EEE64750048DF18 /* Products */;
			projectDirPath = "";
			projectRoot = "";
			targets = (
				5630DF9D1EEE64750048DF18 /* UITask01 */,
			);
		};
/* End PBXProject section */

/* Begin PBXResourcesBuildPhase section */
		5630DF9C1EEE64750048DF18 /* Resources */ = {
			isa = PBXResourcesBuildPhase;
			buildActionMask = 2147483647;
			files = (
				5630DFCB1EEE64F60048DF18 /* Info.plist in Resources */,
				565510971EF177C4001098B7 /* IDPSquareViewController.xib in Resources */,
				5655109D1EF177C4001098B7 /* IDPUserCell.xib in Resources */,
				5630DFC71EEE64F60048DF18 /* Assets.xcassets in Resources */,
				5630DFC81EEE64F60048DF18 /* LaunchScreen.storyboard in Resources */,
				5655109B1EF177C4001098B7 /* IDPUsersViewController.xib in Resources */,
			);
			runOnlyForDeploymentPostprocessing = 0;
		};
/* End PBXResourcesBuildPhase section */

/* Begin PBXSourcesBuildPhase section */
		5630DF9A1EEE64750048DF18 /* Sources */ = {
			isa = PBXSourcesBuildPhase;
			buildActionMask = 2147483647;
			files = (
				565510941EF177C4001098B7 /* IDPUser.m in Sources */,
				5655109A1EF177C4001098B7 /* IDPUsersViewController.m in Sources */,
				5655109C1EF177C4001098B7 /* IDPUserCell.m in Sources */,
				565510981EF177C4001098B7 /* IDPSquareView.m in Sources */,
				565510921EF177C4001098B7 /* NSString+IDPRandom.m in Sources */,
				565510991EF177C4001098B7 /* IDPUsersView.m in Sources */,
				565510911EF177C4001098B7 /* IDPRandom.m in Sources */,
				565510961EF177C4001098B7 /* IDPSquareViewController.m in Sources */,
				565510901EF177C4001098B7 /* IDPTableViewCell.m in Sources */,
				5630DFCC1EEE64F60048DF18 /* main.m in Sources */,
				565510951EF177C4001098B7 /* IDPMainView.m in Sources */,
				565510931EF177C4001098B7 /* IDPSquare.m in Sources */,
				5630DFCA1EEE64F60048DF18 /* IDPAppDelegate.m in Sources */,
			);
			runOnlyForDeploymentPostprocessing = 0;
		};
/* End PBXSourcesBuildPhase section */

/* Begin PBXVariantGroup section */
		5630DFBA1EEE64F60048DF18 /* LaunchScreen.storyboard */ = {
			isa = PBXVariantGroup;
			children = (
				5630DFBB1EEE64F60048DF18 /* Base */,
			);
			name = LaunchScreen.storyboard;
			sourceTree = "<group>";
		};
/* End PBXVariantGroup section */

/* Begin XCBuildConfiguration section */
		5630DFB31EEE64750048DF18 /* Debug */ = {
			isa = XCBuildConfiguration;
			buildSettings = {
				ALWAYS_SEARCH_USER_PATHS = NO;
				CLANG_ANALYZER_NONNULL = YES;
				CLANG_CXX_LANGUAGE_STANDARD = "gnu++0x";
				CLANG_CXX_LIBRARY = "libc++";
				CLANG_ENABLE_MODULES = YES;
				CLANG_ENABLE_OBJC_ARC = YES;
				CLANG_WARN_BOOL_CONVERSION = YES;
				CLANG_WARN_CONSTANT_CONVERSION = YES;
				CLANG_WARN_DIRECT_OBJC_ISA_USAGE = YES_ERROR;
				CLANG_WARN_DOCUMENTATION_COMMENTS = YES;
				CLANG_WARN_EMPTY_BODY = YES;
				CLANG_WARN_ENUM_CONVERSION = YES;
				CLANG_WARN_INFINITE_RECURSION = YES;
				CLANG_WARN_INT_CONVERSION = YES;
				CLANG_WARN_OBJC_ROOT_CLASS = YES_ERROR;
				CLANG_WARN_SUSPICIOUS_MOVE = YES;
				CLANG_WARN_UNREACHABLE_CODE = YES;
				CLANG_WARN__DUPLICATE_METHOD_MATCH = YES;
				"CODE_SIGN_IDENTITY[sdk=iphoneos*]" = "iPhone Developer";
				COPY_PHASE_STRIP = NO;
				DEBUG_INFORMATION_FORMAT = dwarf;
				ENABLE_STRICT_OBJC_MSGSEND = YES;
				ENABLE_TESTABILITY = YES;
				GCC_C_LANGUAGE_STANDARD = gnu99;
				GCC_DYNAMIC_NO_PIC = NO;
				GCC_NO_COMMON_BLOCKS = YES;
				GCC_OPTIMIZATION_LEVEL = 0;
				GCC_PREPROCESSOR_DEFINITIONS = (
					"DEBUG=1",
					"$(inherited)",
				);
				GCC_WARN_64_TO_32_BIT_CONVERSION = YES;
				GCC_WARN_ABOUT_RETURN_TYPE = YES_ERROR;
				GCC_WARN_UNDECLARED_SELECTOR = YES;
				GCC_WARN_UNINITIALIZED_AUTOS = YES_AGGRESSIVE;
				GCC_WARN_UNUSED_FUNCTION = YES;
				GCC_WARN_UNUSED_VARIABLE = YES;
				IPHONEOS_DEPLOYMENT_TARGET = 10.2;
				MTL_ENABLE_DEBUG_INFO = YES;
				ONLY_ACTIVE_ARCH = YES;
				SDKROOT = iphoneos;
			};
			name = Debug;
		};
		5630DFB41EEE64750048DF18 /* Release */ = {
			isa = XCBuildConfiguration;
			buildSettings = {
				ALWAYS_SEARCH_USER_PATHS = NO;
				CLANG_ANALYZER_NONNULL = YES;
				CLANG_CXX_LANGUAGE_STANDARD = "gnu++0x";
				CLANG_CXX_LIBRARY = "libc++";
				CLANG_ENABLE_MODULES = YES;
				CLANG_ENABLE_OBJC_ARC = YES;
				CLANG_WARN_BOOL_CONVERSION = YES;
				CLANG_WARN_CONSTANT_CONVERSION = YES;
				CLANG_WARN_DIRECT_OBJC_ISA_USAGE = YES_ERROR;
				CLANG_WARN_DOCUMENTATION_COMMENTS = YES;
				CLANG_WARN_EMPTY_BODY = YES;
				CLANG_WARN_ENUM_CONVERSION = YES;
				CLANG_WARN_INFINITE_RECURSION = YES;
				CLANG_WARN_INT_CONVERSION = YES;
				CLANG_WARN_OBJC_ROOT_CLASS = YES_ERROR;
				CLANG_WARN_SUSPICIOUS_MOVE = YES;
				CLANG_WARN_UNREACHABLE_CODE = YES;
				CLANG_WARN__DUPLICATE_METHOD_MATCH = YES;
				"CODE_SIGN_IDENTITY[sdk=iphoneos*]" = "iPhone Developer";
				COPY_PHASE_STRIP = NO;
				DEBUG_INFORMATION_FORMAT = "dwarf-with-dsym";
				ENABLE_NS_ASSERTIONS = NO;
				ENABLE_STRICT_OBJC_MSGSEND = YES;
				GCC_C_LANGUAGE_STANDARD = gnu99;
				GCC_NO_COMMON_BLOCKS = YES;
				GCC_WARN_64_TO_32_BIT_CONVERSION = YES;
				GCC_WARN_ABOUT_RETURN_TYPE = YES_ERROR;
				GCC_WARN_UNDECLARED_SELECTOR = YES;
				GCC_WARN_UNINITIALIZED_AUTOS = YES_AGGRESSIVE;
				GCC_WARN_UNUSED_FUNCTION = YES;
				GCC_WARN_UNUSED_VARIABLE = YES;
				IPHONEOS_DEPLOYMENT_TARGET = 10.2;
				MTL_ENABLE_DEBUG_INFO = NO;
				SDKROOT = iphoneos;
				VALIDATE_PRODUCT = YES;
			};
			name = Release;
		};
		5630DFB61EEE64750048DF18 /* Debug */ = {
			isa = XCBuildConfiguration;
			buildSettings = {
				ASSETCATALOG_COMPILER_APPICON_NAME = AppIcon;
				INFOPLIST_FILE = UITask01/Info.plist;
				LD_RUNPATH_SEARCH_PATHS = "$(inherited) @executable_path/Frameworks";
				PRODUCT_BUNDLE_IDENTIFIER = IDP.UITask01;
				PRODUCT_NAME = "$(TARGET_NAME)";
			};
			name = Debug;
		};
		5630DFB71EEE64750048DF18 /* Release */ = {
			isa = XCBuildConfiguration;
			buildSettings = {
				ASSETCATALOG_COMPILER_APPICON_NAME = AppIcon;
				INFOPLIST_FILE = UITask01/Info.plist;
				LD_RUNPATH_SEARCH_PATHS = "$(inherited) @executable_path/Frameworks";
				PRODUCT_BUNDLE_IDENTIFIER = IDP.UITask01;
				PRODUCT_NAME = "$(TARGET_NAME)";
			};
			name = Release;
		};
/* End XCBuildConfiguration section */

/* Begin XCConfigurationList section */
		5630DF991EEE64750048DF18 /* Build configuration list for PBXProject "UITask01" */ = {
			isa = XCConfigurationList;
			buildConfigurations = (
				5630DFB31EEE64750048DF18 /* Debug */,
				5630DFB41EEE64750048DF18 /* Release */,
			);
			defaultConfigurationIsVisible = 0;
			defaultConfigurationName = Release;
		};
		5630DFB51EEE64750048DF18 /* Build configuration list for PBXNativeTarget "UITask01" */ = {
			isa = XCConfigurationList;
			buildConfigurations = (
				5630DFB61EEE64750048DF18 /* Debug */,
				5630DFB71EEE64750048DF18 /* Release */,
			);
			defaultConfigurationIsVisible = 0;
			defaultConfigurationName = Release;
		};
/* End XCConfigurationList section */
	};
	rootObject = 5630DF961EEE64750048DF18 /* Project object */;
}
