// !$*UTF8*$!
{
	archiveVersion = 1;
	classes = {
	};
	objectVersion = 46;
	objects = {

/* Begin PBXBuildFile section */
		5630DFC71EEE64F60048DF18 /* Assets.xcassets in Resources */ = {isa = PBXBuildFile; fileRef = 5630DFB91EEE64F60048DF18 /* Assets.xcassets */; };
		5630DFC81EEE64F60048DF18 /* LaunchScreen.storyboard in Resources */ = {isa = PBXBuildFile; fileRef = 5630DFBA1EEE64F60048DF18 /* LaunchScreen.storyboard */; };
		5630DFCA1EEE64F60048DF18 /* IDPAppDelegate.m in Sources */ = {isa = PBXBuildFile; fileRef = 5630DFC41EEE64F60048DF18 /* IDPAppDelegate.m */; };
		5630DFCB1EEE64F60048DF18 /* Info.plist in Resources */ = {isa = PBXBuildFile; fileRef = 5630DFC51EEE64F60048DF18 /* Info.plist */; };
		5630DFCC1EEE64F60048DF18 /* main.m in Sources */ = {isa = PBXBuildFile; fileRef = 5630DFC61EEE64F60048DF18 /* main.m */; };
		566BDDE81EF033EF0061FF53 /* IDPSquare.m in Sources */ = {isa = PBXBuildFile; fileRef = 566BDDDD1EF033EF0061FF53 /* IDPSquare.m */; };
		566BDDE91EF033EF0061FF53 /* IDPMainView.m in Sources */ = {isa = PBXBuildFile; fileRef = 566BDDE11EF033EF0061FF53 /* IDPMainView.m */; };
		566BDDEA1EF033EF0061FF53 /* IDPSquareView.m in Sources */ = {isa = PBXBuildFile; fileRef = 566BDDE31EF033EF0061FF53 /* IDPSquareView.m */; };
		566BDDEB1EF033EF0061FF53 /* IDPSquareViewController.m in Sources */ = {isa = PBXBuildFile; fileRef = 566BDDE51EF033EF0061FF53 /* IDPSquareViewController.m */; };
		566BDDEC1EF033EF0061FF53 /* IDPSquareViewController.xib in Resources */ = {isa = PBXBuildFile; fileRef = 566BDDE61EF033EF0061FF53 /* IDPSquareViewController.xib */; };
/* End PBXBuildFile section */

/* Begin PBXFileReference section */
		5630DF9E1EEE64750048DF18 /* UITask01.app */ = {isa = PBXFileReference; explicitFileType = wrapper.application; includeInIndex = 0; path = UITask01.app; sourceTree = BUILT_PRODUCTS_DIR; };
		5630DFB91EEE64F60048DF18 /* Assets.xcassets */ = {isa = PBXFileReference; lastKnownFileType = folder.assetcatalog; path = Assets.xcassets; sourceTree = "<group>"; };
		5630DFBB1EEE64F60048DF18 /* Base */ = {isa = PBXFileReference; lastKnownFileType = file.storyboard; name = Base; path = Base.lproj/LaunchScreen.storyboard; sourceTree = "<group>"; };
		5630DFC31EEE64F60048DF18 /* IDPAppDelegate.h */ = {isa = PBXFileReference; fileEncoding = 4; lastKnownFileType = sourcecode.c.h; path = IDPAppDelegate.h; sourceTree = "<group>"; };
		5630DFC41EEE64F60048DF18 /* IDPAppDelegate.m */ = {isa = PBXFileReference; fileEncoding = 4; lastKnownFileType = sourcecode.c.objc; path = IDPAppDelegate.m; sourceTree = "<group>"; };
		5630DFC51EEE64F60048DF18 /* Info.plist */ = {isa = PBXFileReference; fileEncoding = 4; lastKnownFileType = text.plist.xml; path = Info.plist; sourceTree = "<group>"; };
		5630DFC61EEE64F60048DF18 /* main.m */ = {isa = PBXFileReference; fileEncoding = 4; lastKnownFileType = sourcecode.c.objc; path = main.m; sourceTree = "<group>"; };
		566BDDDC1EF033EF0061FF53 /* IDPSquare.h */ = {isa = PBXFileReference; fileEncoding = 4; lastKnownFileType = sourcecode.c.h; path = IDPSquare.h; sourceTree = "<group>"; };
		566BDDDD1EF033EF0061FF53 /* IDPSquare.m */ = {isa = PBXFileReference; fileEncoding = 4; lastKnownFileType = sourcecode.c.objc; path = IDPSquare.m; sourceTree = "<group>"; };
		566BDDE01EF033EF0061FF53 /* IDPMainView.h */ = {isa = PBXFileReference; fileEncoding = 4; lastKnownFileType = sourcecode.c.h; path = IDPMainView.h; sourceTree = "<group>"; };
		566BDDE11EF033EF0061FF53 /* IDPMainView.m */ = {isa = PBXFileReference; fileEncoding = 4; lastKnownFileType = sourcecode.c.objc; path = IDPMainView.m; sourceTree = "<group>"; };
		566BDDE21EF033EF0061FF53 /* IDPSquareView.h */ = {isa = PBXFileReference; fileEncoding = 4; lastKnownFileType = sourcecode.c.h; path = IDPSquareView.h; sourceTree = "<group>"; };
		566BDDE31EF033EF0061FF53 /* IDPSquareView.m */ = {isa = PBXFileReference; fileEncoding = 4; lastKnownFileType = sourcecode.c.objc; path = IDPSquareView.m; sourceTree = "<group>"; };
		566BDDE41EF033EF0061FF53 /* IDPSquareViewController.h */ = {isa = PBXFileReference; fileEncoding = 4; lastKnownFileType = sourcecode.c.h; path = IDPSquareViewController.h; sourceTree = "<group>"; };
		566BDDE51EF033EF0061FF53 /* IDPSquareViewController.m */ = {isa = PBXFileReference; fileEncoding = 4; lastKnownFileType = sourcecode.c.objc; path = IDPSquareViewController.m; sourceTree = "<group>"; };
		566BDDE61EF033EF0061FF53 /* IDPSquareViewController.xib */ = {isa = PBXFileReference; fileEncoding = 4; lastKnownFileType = file.xib; path = IDPSquareViewController.xib; sourceTree = "<group>"; };
		566BDDED1EF0344C0061FF53 /* IDPMacro.h */ = {isa = PBXFileReference; lastKnownFileType = sourcecode.c.h; path = IDPMacro.h; sourceTree = "<group>"; };
/* End PBXFileReference section */

/* Begin PBXFrameworksBuildPhase section */
		5630DF9B1EEE64750048DF18 /* Frameworks */ = {
			isa = PBXFrameworksBuildPhase;
			buildActionMask = 2147483647;
			files = (
			);
			runOnlyForDeploymentPostprocessing = 0;
		};
/* End PBXFrameworksBuildPhase section */

/* Begin PBXGroup section */
		5630DF951EEE64750048DF18 = {
			isa = PBXGroup;
			children = (
				566BDDD81EF033EF0061FF53 /* Sources */,
				5630DFB81EEE64F60048DF18 /* Resources */,
				5630DFC21EEE64F60048DF18 /* UITask01 */,
				5630DF9F1EEE64750048DF18 /* Products */,
			);
			sourceTree = "<group>";
		};
		5630DF9F1EEE64750048DF18 /* Products */ = {
			isa = PBXGroup;
			children = (
				5630DF9E1EEE64750048DF18 /* UITask01.app */,
			);
			name = Products;
			sourceTree = "<group>";
		};
		5630DFB81EEE64F60048DF18 /* Resources */ = {
			isa = PBXGroup;
			children = (
				5630DFB91EEE64F60048DF18 /* Assets.xcassets */,
				5630DFBA1EEE64F60048DF18 /* LaunchScreen.storyboard */,
			);
			path = Resources;
			sourceTree = "<group>";
		};
		5630DFC21EEE64F60048DF18 /* UITask01 */ = {
			isa = PBXGroup;
			children = (
				5630DFC31EEE64F60048DF18 /* IDPAppDelegate.h */,
				5630DFC41EEE64F60048DF18 /* IDPAppDelegate.m */,
				5630DFC51EEE64F60048DF18 /* Info.plist */,
				5630DFC61EEE64F60048DF18 /* main.m */,
			);
			path = UITask01;
			sourceTree = "<group>";
		};
		566BDDD81EF033EF0061FF53 /* Sources */ = {
			isa = PBXGroup;
			children = (
				566BDDD91EF033EF0061FF53 /* Library */,
				566BDDDA1EF033EF0061FF53 /* Models */,
				566BDDDE1EF033EF0061FF53 /* UI */,
			);
			path = Sources;
			sourceTree = "<group>";
		};
		566BDDD91EF033EF0061FF53 /* Library */ = {
			isa = PBXGroup;
			children = (
				566BDDED1EF0344C0061FF53 /* IDPMacro.h */,
			);
			path = Library;
			sourceTree = "<group>";
		};
		566BDDDA1EF033EF0061FF53 /* Models */ = {
			isa = PBXGroup;
			children = (
				566BDDDB1EF033EF0061FF53 /* IDPSquare */,
			);
			path = Models;
			sourceTree = "<group>";
		};
		566BDDDB1EF033EF0061FF53 /* IDPSquare */ = {
			isa = PBXGroup;
			children = (
				566BDDDC1EF033EF0061FF53 /* IDPSquare.h */,
				566BDDDD1EF033EF0061FF53 /* IDPSquare.m */,
			);
			path = IDPSquare;
			sourceTree = "<group>";
		};
		566BDDDE1EF033EF0061FF53 /* UI */ = {
			isa = PBXGroup;
			children = (
				566BDDDF1EF033EF0061FF53 /* IDPSquareViewVontroller */,
			);
			path = UI;
			sourceTree = "<group>";
		};
		566BDDDF1EF033EF0061FF53 /* IDPSquareViewVontroller */ = {
			isa = PBXGroup;
			children = (
				566BDDE01EF033EF0061FF53 /* IDPMainView.h */,
				566BDDE11EF033EF0061FF53 /* IDPMainView.m */,
				566BDDE21EF033EF0061FF53 /* IDPSquareView.h */,
				566BDDE31EF033EF0061FF53 /* IDPSquareView.m */,
				566BDDE41EF033EF0061FF53 /* IDPSquareViewController.h */,
				566BDDE51EF033EF0061FF53 /* IDPSquareViewController.m */,
				566BDDE61EF033EF0061FF53 /* IDPSquareViewController.xib */,
			);
			path = IDPSquareViewVontroller;
			sourceTree = "<group>";
		};
/* End PBXGroup section */

/* Begin PBXNativeTarget section */
		5630DF9D1EEE64750048DF18 /* UITask01 */ = {
			isa = PBXNativeTarget;
			buildConfigurationList = 5630DFB51EEE64750048DF18 /* Build configuration list for PBXNativeTarget "UITask01" */;
			buildPhases = (
				5630DF9A1EEE64750048DF18 /* Sources */,
				5630DF9B1EEE64750048DF18 /* Frameworks */,
				5630DF9C1EEE64750048DF18 /* Resources */,
			);
			buildRules = (
			);
			dependencies = (
			);
			name = UITask01;
			productName = UITask01;
			productReference = 5630DF9E1EEE64750048DF18 /* UITask01.app */;
			productType = "com.apple.product-type.application";
		};
/* End PBXNativeTarget section */

/* Begin PBXProject section */
		5630DF961EEE64750048DF18 /* Project object */ = {
			isa = PBXProject;
			attributes = {
				LastUpgradeCheck = 0820;
				ORGANIZATIONNAME = Student003;
				TargetAttributes = {
					5630DF9D1EEE64750048DF18 = {
						CreatedOnToolsVersion = 8.2.1;
						ProvisioningStyle = Automatic;
					};
				};
			};
			buildConfigurationList = 5630DF991EEE64750048DF18 /* Build configuration list for PBXProject "UITask01" */;
			compatibilityVersion = "Xcode 3.2";
			developmentRegion = English;
			hasScannedForEncodings = 0;
			knownRegions = (
				en,
				Base,
			);
			mainGroup = 5630DF951EEE64750048DF18;
			productRefGroup = 5630DF9F1EEE64750048DF18 /* Products */;
			projectDirPath = "";
			projectRoot = "";
			targets = (
				5630DF9D1EEE64750048DF18 /* UITask01 */,
			);
		};
/* End PBXProject section */

/* Begin PBXResourcesBuildPhase section */
		5630DF9C1EEE64750048DF18 /* Resources */ = {
			isa = PBXResourcesBuildPhase;
			buildActionMask = 2147483647;
			files = (
				5630DFCB1EEE64F60048DF18 /* Info.plist in Resources */,
				566BDDEC1EF033EF0061FF53 /* IDPSquareViewController.xib in Resources */,
				5630DFC71EEE64F60048DF18 /* Assets.xcassets in Resources */,
				5630DFC81EEE64F60048DF18 /* LaunchScreen.storyboard in Resources */,
			);
			runOnlyForDeploymentPostprocessing = 0;
		};
/* End PBXResourcesBuildPhase section */

/* Begin PBXSourcesBuildPhase section */
		5630DF9A1EEE64750048DF18 /* Sources */ = {
			isa = PBXSourcesBuildPhase;
			buildActionMask = 2147483647;
			files = (
				5630DFCC1EEE64F60048DF18 /* main.m in Sources */,
				566BDDEA1EF033EF0061FF53 /* IDPSquareView.m in Sources */,
				566BDDE91EF033EF0061FF53 /* IDPMainView.m in Sources */,
				566BDDEB1EF033EF0061FF53 /* IDPSquareViewController.m in Sources */,
				566BDDE81EF033EF0061FF53 /* IDPSquare.m in Sources */,
				5630DFCA1EEE64F60048DF18 /* IDPAppDelegate.m in Sources */,
			);
			runOnlyForDeploymentPostprocessing = 0;
		};
/* End PBXSourcesBuildPhase section */

/* Begin PBXVariantGroup section */
		5630DFBA1EEE64F60048DF18 /* LaunchScreen.storyboard */ = {
			isa = PBXVariantGroup;
			children = (
				5630DFBB1EEE64F60048DF18 /* Base */,
			);
			name = LaunchScreen.storyboard;
			sourceTree = "<group>";
		};
/* End PBXVariantGroup section */

/* Begin XCBuildConfiguration section */
		5630DFB31EEE64750048DF18 /* Debug */ = {
			isa = XCBuildConfiguration;
			buildSettings = {
				ALWAYS_SEARCH_USER_PATHS = NO;
				CLANG_ANALYZER_NONNULL = YES;
				CLANG_CXX_LANGUAGE_STANDARD = "gnu++0x";
				CLANG_CXX_LIBRARY = "libc++";
				CLANG_ENABLE_MODULES = YES;
				CLANG_ENABLE_OBJC_ARC = YES;
				CLANG_WARN_BOOL_CONVERSION = YES;
				CLANG_WARN_CONSTANT_CONVERSION = YES;
				CLANG_WARN_DIRECT_OBJC_ISA_USAGE = YES_ERROR;
				CLANG_WARN_DOCUMENTATION_COMMENTS = YES;
				CLANG_WARN_EMPTY_BODY = YES;
				CLANG_WARN_ENUM_CONVERSION = YES;
				CLANG_WARN_INFINITE_RECURSION = YES;
				CLANG_WARN_INT_CONVERSION = YES;
				CLANG_WARN_OBJC_ROOT_CLASS = YES_ERROR;
				CLANG_WARN_SUSPICIOUS_MOVE = YES;
				CLANG_WARN_UNREACHABLE_CODE = YES;
				CLANG_WARN__DUPLICATE_METHOD_MATCH = YES;
				"CODE_SIGN_IDENTITY[sdk=iphoneos*]" = "iPhone Developer";
				COPY_PHASE_STRIP = NO;
				DEBUG_INFORMATION_FORMAT = dwarf;
				ENABLE_STRICT_OBJC_MSGSEND = YES;
				ENABLE_TESTABILITY = YES;
				GCC_C_LANGUAGE_STANDARD = gnu99;
				GCC_DYNAMIC_NO_PIC = NO;
				GCC_NO_COMMON_BLOCKS = YES;
				GCC_OPTIMIZATION_LEVEL = 0;
				GCC_PREPROCESSOR_DEFINITIONS = (
					"DEBUG=1",
					"$(inherited)",
				);
				GCC_WARN_64_TO_32_BIT_CONVERSION = YES;
				GCC_WARN_ABOUT_RETURN_TYPE = YES_ERROR;
				GCC_WARN_UNDECLARED_SELECTOR = YES;
				GCC_WARN_UNINITIALIZED_AUTOS = YES_AGGRESSIVE;
				GCC_WARN_UNUSED_FUNCTION = YES;
				GCC_WARN_UNUSED_VARIABLE = YES;
				IPHONEOS_DEPLOYMENT_TARGET = 10.2;
				MTL_ENABLE_DEBUG_INFO = YES;
				ONLY_ACTIVE_ARCH = YES;
				SDKROOT = iphoneos;
			};
			name = Debug;
		};
		5630DFB41EEE64750048DF18 /* Release */ = {
			isa = XCBuildConfiguration;
			buildSettings = {
				ALWAYS_SEARCH_USER_PATHS = NO;
				CLANG_ANALYZER_NONNULL = YES;
				CLANG_CXX_LANGUAGE_STANDARD = "gnu++0x";
				CLANG_CXX_LIBRARY = "libc++";
				CLANG_ENABLE_MODULES = YES;
				CLANG_ENABLE_OBJC_ARC = YES;
				CLANG_WARN_BOOL_CONVERSION = YES;
				CLANG_WARN_CONSTANT_CONVERSION = YES;
				CLANG_WARN_DIRECT_OBJC_ISA_USAGE = YES_ERROR;
				CLANG_WARN_DOCUMENTATION_COMMENTS = YES;
				CLANG_WARN_EMPTY_BODY = YES;
				CLANG_WARN_ENUM_CONVERSION = YES;
				CLANG_WARN_INFINITE_RECURSION = YES;
				CLANG_WARN_INT_CONVERSION = YES;
				CLANG_WARN_OBJC_ROOT_CLASS = YES_ERROR;
				CLANG_WARN_SUSPICIOUS_MOVE = YES;
				CLANG_WARN_UNREACHABLE_CODE = YES;
				CLANG_WARN__DUPLICATE_METHOD_MATCH = YES;
				"CODE_SIGN_IDENTITY[sdk=iphoneos*]" = "iPhone Developer";
				COPY_PHASE_STRIP = NO;
				DEBUG_INFORMATION_FORMAT = "dwarf-with-dsym";
				ENABLE_NS_ASSERTIONS = NO;
				ENABLE_STRICT_OBJC_MSGSEND = YES;
				GCC_C_LANGUAGE_STANDARD = gnu99;
				GCC_NO_COMMON_BLOCKS = YES;
				GCC_WARN_64_TO_32_BIT_CONVERSION = YES;
				GCC_WARN_ABOUT_RETURN_TYPE = YES_ERROR;
				GCC_WARN_UNDECLARED_SELECTOR = YES;
				GCC_WARN_UNINITIALIZED_AUTOS = YES_AGGRESSIVE;
				GCC_WARN_UNUSED_FUNCTION = YES;
				GCC_WARN_UNUSED_VARIABLE = YES;
				IPHONEOS_DEPLOYMENT_TARGET = 10.2;
				MTL_ENABLE_DEBUG_INFO = NO;
				SDKROOT = iphoneos;
				VALIDATE_PRODUCT = YES;
			};
			name = Release;
		};
		5630DFB61EEE64750048DF18 /* Debug */ = {
			isa = XCBuildConfiguration;
			buildSettings = {
				ASSETCATALOG_COMPILER_APPICON_NAME = AppIcon;
				INFOPLIST_FILE = UITask01/Info.plist;
				LD_RUNPATH_SEARCH_PATHS = "$(inherited) @executable_path/Frameworks";
				PRODUCT_BUNDLE_IDENTIFIER = IDP.UITask01;
				PRODUCT_NAME = "$(TARGET_NAME)";
			};
			name = Debug;
		};
		5630DFB71EEE64750048DF18 /* Release */ = {
			isa = XCBuildConfiguration;
			buildSettings = {
				ASSETCATALOG_COMPILER_APPICON_NAME = AppIcon;
				INFOPLIST_FILE = UITask01/Info.plist;
				LD_RUNPATH_SEARCH_PATHS = "$(inherited) @executable_path/Frameworks";
				PRODUCT_BUNDLE_IDENTIFIER = IDP.UITask01;
				PRODUCT_NAME = "$(TARGET_NAME)";
			};
			name = Release;
		};
/* End XCBuildConfiguration section */

/* Begin XCConfigurationList section */
		5630DF991EEE64750048DF18 /* Build configuration list for PBXProject "UITask01" */ = {
			isa = XCConfigurationList;
			buildConfigurations = (
				5630DFB31EEE64750048DF18 /* Debug */,
				5630DFB41EEE64750048DF18 /* Release */,
			);
			defaultConfigurationIsVisible = 0;
			defaultConfigurationName = Release;
		};
		5630DFB51EEE64750048DF18 /* Build configuration list for PBXNativeTarget "UITask01" */ = {
			isa = XCConfigurationList;
			buildConfigurations = (
				5630DFB61EEE64750048DF18 /* Debug */,
				5630DFB71EEE64750048DF18 /* Release */,
			);
			defaultConfigurationIsVisible = 0;
			defaultConfigurationName = Release;
		};
/* End XCConfigurationList section */
	};
	rootObject = 5630DF961EEE64750048DF18 /* Project object */;
}
