// !$*UTF8*$!
{
	archiveVersion = 1;
	classes = {
	};
	objectVersion = 46;
	objects = {

/* Begin PBXBuildFile section */
		561777371EF26581001C16B7 /* NSString+IDPRandom.m in Sources */ = {isa = PBXBuildFile; fileRef = 561777321EF26581001C16B7 /* NSString+IDPRandom.m */; };
		561777381EF26581001C16B7 /* IDPRandom.m in Sources */ = {isa = PBXBuildFile; fileRef = 561777351EF26581001C16B7 /* IDPRandom.m */; };
		5617773B1EF265DA001C16B7 /* UINib+IDPExtensions.m in Sources */ = {isa = PBXBuildFile; fileRef = 5617773A1EF265DA001C16B7 /* UINib+IDPExtensions.m */; };
		5617774A1EF270E8001C16B7 /* Assets.xcassets in Resources */ = {isa = PBXBuildFile; fileRef = 561777451EF270E8001C16B7 /* Assets.xcassets */; };
		5617774B1EF270E8001C16B7 /* LaunchScreen.storyboard in Resources */ = {isa = PBXBuildFile; fileRef = 561777461EF270E8001C16B7 /* LaunchScreen.storyboard */; };
		5617774C1EF270E8001C16B7 /* image.jpg in Resources */ = {isa = PBXBuildFile; fileRef = 561777491EF270E8001C16B7 /* image.jpg */; };
		5617775B1EF27750001C16B7 /* IDPBlockObservationController.m in Sources */ = {isa = PBXBuildFile; fileRef = 561777501EF27750001C16B7 /* IDPBlockObservationController.m */; };
		5617775C1EF27750001C16B7 /* IDPObservableObject.m in Sources */ = {isa = PBXBuildFile; fileRef = 561777521EF27750001C16B7 /* IDPObservableObject.m */; };
		5617775D1EF27750001C16B7 /* IDPObservationController.m in Sources */ = {isa = PBXBuildFile; fileRef = 561777541EF27750001C16B7 /* IDPObservationController.m */; };
		5617775E1EF27750001C16B7 /* IDPTableViewCell.m in Sources */ = {isa = PBXBuildFile; fileRef = 5617775A1EF27750001C16B7 /* IDPTableViewCell.m */; };
		5617776C1EF2812D001C16B7 /* IDPImageModel.m in Sources */ = {isa = PBXBuildFile; fileRef = 561777651EF2812D001C16B7 /* IDPImageModel.m */; };
		5617776D1EF2812D001C16B7 /* IDPSquare.m in Sources */ = {isa = PBXBuildFile; fileRef = 561777681EF2812D001C16B7 /* IDPSquare.m */; };
		5617776E1EF2812D001C16B7 /* IDPUser.m in Sources */ = {isa = PBXBuildFile; fileRef = 5617776B1EF2812D001C16B7 /* IDPUser.m */; };
		561777721EF28FA4001C16B7 /* IDPImageModelDispatcher.m in Sources */ = {isa = PBXBuildFile; fileRef = 561777711EF28FA4001C16B7 /* IDPImageModelDispatcher.m */; };
		5644038C1EF8FA1A007B8829 /* IDPUsersModel.m in Sources */ = {isa = PBXBuildFile; fileRef = 5644038B1EF8FA1A007B8829 /* IDPUsersModel.m */; };
		564B5CCE1EF3B86500C4D048 /* IDPImageView.m in Sources */ = {isa = PBXBuildFile; fileRef = 564B5CCD1EF3B86500C4D048 /* IDPImageView.m */; };
		565510951EF177C4001098B7 /* IDPMainView.m in Sources */ = {isa = PBXBuildFile; fileRef = 5655107F1EF177C4001098B7 /* IDPMainView.m */; };
		565510961EF177C4001098B7 /* IDPSquareViewController.m in Sources */ = {isa = PBXBuildFile; fileRef = 565510811EF177C4001098B7 /* IDPSquareViewController.m */; };
		565510971EF177C4001098B7 /* IDPSquareViewController.xib in Resources */ = {isa = PBXBuildFile; fileRef = 565510821EF177C4001098B7 /* IDPSquareViewController.xib */; };
		565510981EF177C4001098B7 /* IDPSquareView.m in Sources */ = {isa = PBXBuildFile; fileRef = 565510851EF177C4001098B7 /* IDPSquareView.m */; };
		566BCD721EF7A42C002531C4 /* IDPAppDelegate.m in Sources */ = {isa = PBXBuildFile; fileRef = 566BCD6F1EF7A42C002531C4 /* IDPAppDelegate.m */; };
		566BCD731EF7A42C002531C4 /* Info.plist in Resources */ = {isa = PBXBuildFile; fileRef = 566BCD701EF7A42C002531C4 /* Info.plist */; };
		566BCD741EF7A42C002531C4 /* main.m in Sources */ = {isa = PBXBuildFile; fileRef = 566BCD711EF7A42C002531C4 /* main.m */; };
		566BCD8B1EF7F3AC002531C4 /* IDPMainTableView.m in Sources */ = {isa = PBXBuildFile; fileRef = 566BCD811EF7F3AC002531C4 /* IDPMainTableView.m */; };
		566BCD8C1EF7F3AC002531C4 /* IDPUsersViewController.m in Sources */ = {isa = PBXBuildFile; fileRef = 566BCD831EF7F3AC002531C4 /* IDPUsersViewController.m */; };
		566BCD8D1EF7F3AC002531C4 /* IDPUsersViewController.xib in Resources */ = {isa = PBXBuildFile; fileRef = 566BCD841EF7F3AC002531C4 /* IDPUsersViewController.xib */; };
		566BCD8E1EF7F3AC002531C4 /* IDPUserCell.m in Sources */ = {isa = PBXBuildFile; fileRef = 566BCD871EF7F3AC002531C4 /* IDPUserCell.m */; };
		566BCD8F1EF7F3AC002531C4 /* IDPUserCell.xib in Resources */ = {isa = PBXBuildFile; fileRef = 566BCD881EF7F3AC002531C4 /* IDPUserCell.xib */; };
		566BCD901EF7F3AC002531C4 /* IDPUsersView.m in Sources */ = {isa = PBXBuildFile; fileRef = 566BCD8A1EF7F3AC002531C4 /* IDPUsersView.m */; };
		566BCD931EF81AE5002531C4 /* IDPUserCell+Extensions.m in Sources */ = {isa = PBXBuildFile; fileRef = 566BCD921EF81AE5002531C4 /* IDPUserCell+Extensions.m */; };
/* End PBXBuildFile section */

/* Begin PBXFileReference section */
		561777311EF26581001C16B7 /* NSString+IDPRandom.h */ = {isa = PBXFileReference; fileEncoding = 4; lastKnownFileType = sourcecode.c.h; path = "NSString+IDPRandom.h"; sourceTree = "<group>"; };
		561777321EF26581001C16B7 /* NSString+IDPRandom.m */ = {isa = PBXFileReference; fileEncoding = 4; lastKnownFileType = sourcecode.c.objc; path = "NSString+IDPRandom.m"; sourceTree = "<group>"; };
		561777331EF26581001C16B7 /* IDPMacro.h */ = {isa = PBXFileReference; fileEncoding = 4; lastKnownFileType = sourcecode.c.h; path = IDPMacro.h; sourceTree = "<group>"; };
		561777341EF26581001C16B7 /* IDPRandom.h */ = {isa = PBXFileReference; fileEncoding = 4; lastKnownFileType = sourcecode.c.h; path = IDPRandom.h; sourceTree = "<group>"; };
		561777351EF26581001C16B7 /* IDPRandom.m */ = {isa = PBXFileReference; fileEncoding = 4; lastKnownFileType = sourcecode.c.objc; path = IDPRandom.m; sourceTree = "<group>"; };
		561777391EF265DA001C16B7 /* UINib+IDPExtensions.h */ = {isa = PBXFileReference; fileEncoding = 4; lastKnownFileType = sourcecode.c.h; path = "UINib+IDPExtensions.h"; sourceTree = "<group>"; };
		5617773A1EF265DA001C16B7 /* UINib+IDPExtensions.m */ = {isa = PBXFileReference; fileEncoding = 4; lastKnownFileType = sourcecode.c.objc; path = "UINib+IDPExtensions.m"; sourceTree = "<group>"; };
		561777451EF270E8001C16B7 /* Assets.xcassets */ = {isa = PBXFileReference; lastKnownFileType = folder.assetcatalog; path = Assets.xcassets; sourceTree = "<group>"; };
		561777471EF270E8001C16B7 /* Base */ = {isa = PBXFileReference; lastKnownFileType = file.storyboard; name = Base; path = Base.lproj/LaunchScreen.storyboard; sourceTree = "<group>"; };
		561777491EF270E8001C16B7 /* image.jpg */ = {isa = PBXFileReference; lastKnownFileType = image.jpeg; path = image.jpg; sourceTree = "<group>"; };
		5617774F1EF27750001C16B7 /* IDPBlockObservationController.h */ = {isa = PBXFileReference; fileEncoding = 4; lastKnownFileType = sourcecode.c.h; path = IDPBlockObservationController.h; sourceTree = "<group>"; };
		561777501EF27750001C16B7 /* IDPBlockObservationController.m */ = {isa = PBXFileReference; fileEncoding = 4; lastKnownFileType = sourcecode.c.objc; path = IDPBlockObservationController.m; sourceTree = "<group>"; };
		561777511EF27750001C16B7 /* IDPObservableObject.h */ = {isa = PBXFileReference; fileEncoding = 4; lastKnownFileType = sourcecode.c.h; path = IDPObservableObject.h; sourceTree = "<group>"; };
		561777521EF27750001C16B7 /* IDPObservableObject.m */ = {isa = PBXFileReference; fileEncoding = 4; lastKnownFileType = sourcecode.c.objc; path = IDPObservableObject.m; sourceTree = "<group>"; };
		561777531EF27750001C16B7 /* IDPObservationController.h */ = {isa = PBXFileReference; fileEncoding = 4; lastKnownFileType = sourcecode.c.h; path = IDPObservationController.h; sourceTree = "<group>"; };
		561777541EF27750001C16B7 /* IDPObservationController.m */ = {isa = PBXFileReference; fileEncoding = 4; lastKnownFileType = sourcecode.c.objc; path = IDPObservationController.m; sourceTree = "<group>"; };
		561777561EF27750001C16B7 /* IDPObservableObject+IDPPrivate.h */ = {isa = PBXFileReference; fileEncoding = 4; lastKnownFileType = sourcecode.c.h; path = "IDPObservableObject+IDPPrivate.h"; sourceTree = "<group>"; };
		561777571EF27750001C16B7 /* IDPObservationController+IDPPrivate.h */ = {isa = PBXFileReference; fileEncoding = 4; lastKnownFileType = sourcecode.c.h; path = "IDPObservationController+IDPPrivate.h"; sourceTree = "<group>"; };
		561777591EF27750001C16B7 /* IDPTableViewCell.h */ = {isa = PBXFileReference; fileEncoding = 4; lastKnownFileType = sourcecode.c.h; path = IDPTableViewCell.h; sourceTree = "<group>"; };
		5617775A1EF27750001C16B7 /* IDPTableViewCell.m */ = {isa = PBXFileReference; fileEncoding = 4; lastKnownFileType = sourcecode.c.objc; path = IDPTableViewCell.m; sourceTree = "<group>"; };
		561777641EF2812D001C16B7 /* IDPImageModel.h */ = {isa = PBXFileReference; fileEncoding = 4; lastKnownFileType = sourcecode.c.h; path = IDPImageModel.h; sourceTree = "<group>"; };
		561777651EF2812D001C16B7 /* IDPImageModel.m */ = {isa = PBXFileReference; fileEncoding = 4; lastKnownFileType = sourcecode.c.objc; path = IDPImageModel.m; sourceTree = "<group>"; };
		561777671EF2812D001C16B7 /* IDPSquare.h */ = {isa = PBXFileReference; fileEncoding = 4; lastKnownFileType = sourcecode.c.h; lineEnding = 0; path = IDPSquare.h; sourceTree = "<group>"; xcLanguageSpecificationIdentifier = xcode.lang.objcpp; };
		561777681EF2812D001C16B7 /* IDPSquare.m */ = {isa = PBXFileReference; fileEncoding = 4; lastKnownFileType = sourcecode.c.objc; path = IDPSquare.m; sourceTree = "<group>"; };
		5617776A1EF2812D001C16B7 /* IDPUser.h */ = {isa = PBXFileReference; fileEncoding = 4; lastKnownFileType = sourcecode.c.h; path = IDPUser.h; sourceTree = "<group>"; };
		5617776B1EF2812D001C16B7 /* IDPUser.m */ = {isa = PBXFileReference; fileEncoding = 4; lastKnownFileType = sourcecode.c.objc; path = IDPUser.m; sourceTree = "<group>"; };
		561777701EF28FA4001C16B7 /* IDPImageModelDispatcher.h */ = {isa = PBXFileReference; fileEncoding = 4; lastKnownFileType = sourcecode.c.h; path = IDPImageModelDispatcher.h; sourceTree = "<group>"; };
		561777711EF28FA4001C16B7 /* IDPImageModelDispatcher.m */ = {isa = PBXFileReference; fileEncoding = 4; lastKnownFileType = sourcecode.c.objc; path = IDPImageModelDispatcher.m; sourceTree = "<group>"; };
		5630DF9E1EEE64750048DF18 /* UITask01.app */ = {isa = PBXFileReference; explicitFileType = wrapper.application; includeInIndex = 0; path = UITask01.app; sourceTree = BUILT_PRODUCTS_DIR; };
		5644038A1EF8FA1A007B8829 /* IDPUsersModel.h */ = {isa = PBXFileReference; fileEncoding = 4; lastKnownFileType = sourcecode.c.h; path = IDPUsersModel.h; sourceTree = "<group>"; };
		5644038B1EF8FA1A007B8829 /* IDPUsersModel.m */ = {isa = PBXFileReference; fileEncoding = 4; lastKnownFileType = sourcecode.c.objc; path = IDPUsersModel.m; sourceTree = "<group>"; };
		564B5CCC1EF3B86500C4D048 /* IDPImageView.h */ = {isa = PBXFileReference; fileEncoding = 4; lastKnownFileType = sourcecode.c.h; path = IDPImageView.h; sourceTree = "<group>"; };
		564B5CCD1EF3B86500C4D048 /* IDPImageView.m */ = {isa = PBXFileReference; fileEncoding = 4; lastKnownFileType = sourcecode.c.objc; path = IDPImageView.m; sourceTree = "<group>"; };
		5655107E1EF177C4001098B7 /* IDPMainView.h */ = {isa = PBXFileReference; fileEncoding = 4; lastKnownFileType = sourcecode.c.h; path = IDPMainView.h; sourceTree = "<group>"; };
		5655107F1EF177C4001098B7 /* IDPMainView.m */ = {isa = PBXFileReference; fileEncoding = 4; lastKnownFileType = sourcecode.c.objc; path = IDPMainView.m; sourceTree = "<group>"; };
		565510801EF177C4001098B7 /* IDPSquareViewController.h */ = {isa = PBXFileReference; fileEncoding = 4; lastKnownFileType = sourcecode.c.h; path = IDPSquareViewController.h; sourceTree = "<group>"; };
		565510811EF177C4001098B7 /* IDPSquareViewController.m */ = {isa = PBXFileReference; fileEncoding = 4; lastKnownFileType = sourcecode.c.objc; path = IDPSquareViewController.m; sourceTree = "<group>"; };
		565510821EF177C4001098B7 /* IDPSquareViewController.xib */ = {isa = PBXFileReference; fileEncoding = 4; lastKnownFileType = file.xib; path = IDPSquareViewController.xib; sourceTree = "<group>"; };
		565510841EF177C4001098B7 /* IDPSquareView.h */ = {isa = PBXFileReference; fileEncoding = 4; lastKnownFileType = sourcecode.c.h; path = IDPSquareView.h; sourceTree = "<group>"; };
		565510851EF177C4001098B7 /* IDPSquareView.m */ = {isa = PBXFileReference; fileEncoding = 4; lastKnownFileType = sourcecode.c.objc; path = IDPSquareView.m; sourceTree = "<group>"; };
		566BCD6E1EF7A42C002531C4 /* IDPAppDelegate.h */ = {isa = PBXFileReference; fileEncoding = 4; lastKnownFileType = sourcecode.c.h; path = IDPAppDelegate.h; sourceTree = "<group>"; };
		566BCD6F1EF7A42C002531C4 /* IDPAppDelegate.m */ = {isa = PBXFileReference; fileEncoding = 4; lastKnownFileType = sourcecode.c.objc; path = IDPAppDelegate.m; sourceTree = "<group>"; };
		566BCD701EF7A42C002531C4 /* Info.plist */ = {isa = PBXFileReference; fileEncoding = 4; lastKnownFileType = text.plist.xml; path = Info.plist; sourceTree = "<group>"; };
		566BCD711EF7A42C002531C4 /* main.m */ = {isa = PBXFileReference; fileEncoding = 4; lastKnownFileType = sourcecode.c.objc; path = main.m; sourceTree = "<group>"; };
		566BCD801EF7F3AC002531C4 /* IDPMainTableView.h */ = {isa = PBXFileReference; fileEncoding = 4; lastKnownFileType = sourcecode.c.h; path = IDPMainTableView.h; sourceTree = "<group>"; };
		566BCD811EF7F3AC002531C4 /* IDPMainTableView.m */ = {isa = PBXFileReference; fileEncoding = 4; lastKnownFileType = sourcecode.c.objc; path = IDPMainTableView.m; sourceTree = "<group>"; };
		566BCD821EF7F3AC002531C4 /* IDPUsersViewController.h */ = {isa = PBXFileReference; fileEncoding = 4; lastKnownFileType = sourcecode.c.h; path = IDPUsersViewController.h; sourceTree = "<group>"; };
		566BCD831EF7F3AC002531C4 /* IDPUsersViewController.m */ = {isa = PBXFileReference; fileEncoding = 4; lastKnownFileType = sourcecode.c.objc; path = IDPUsersViewController.m; sourceTree = "<group>"; };
		566BCD841EF7F3AC002531C4 /* IDPUsersViewController.xib */ = {isa = PBXFileReference; fileEncoding = 4; lastKnownFileType = file.xib; path = IDPUsersViewController.xib; sourceTree = "<group>"; };
		566BCD861EF7F3AC002531C4 /* IDPUserCell.h */ = {isa = PBXFileReference; fileEncoding = 4; lastKnownFileType = sourcecode.c.h; path = IDPUserCell.h; sourceTree = "<group>"; };
		566BCD871EF7F3AC002531C4 /* IDPUserCell.m */ = {isa = PBXFileReference; fileEncoding = 4; lastKnownFileType = sourcecode.c.objc; path = IDPUserCell.m; sourceTree = "<group>"; };
		566BCD881EF7F3AC002531C4 /* IDPUserCell.xib */ = {isa = PBXFileReference; fileEncoding = 4; lastKnownFileType = file.xib; path = IDPUserCell.xib; sourceTree = "<group>"; };
		566BCD891EF7F3AC002531C4 /* IDPUsersView.h */ = {isa = PBXFileReference; fileEncoding = 4; lastKnownFileType = sourcecode.c.h; path = IDPUsersView.h; sourceTree = "<group>"; };
		566BCD8A1EF7F3AC002531C4 /* IDPUsersView.m */ = {isa = PBXFileReference; fileEncoding = 4; lastKnownFileType = sourcecode.c.objc; path = IDPUsersView.m; sourceTree = "<group>"; };
		566BCD911EF81AE5002531C4 /* IDPUserCell+Extensions.h */ = {isa = PBXFileReference; fileEncoding = 4; lastKnownFileType = sourcecode.c.h; path = "IDPUserCell+Extensions.h"; sourceTree = "<group>"; };
		566BCD921EF81AE5002531C4 /* IDPUserCell+Extensions.m */ = {isa = PBXFileReference; fileEncoding = 4; lastKnownFileType = sourcecode.c.objc; path = "IDPUserCell+Extensions.m"; sourceTree = "<group>"; };
/* End PBXFileReference section */

/* Begin PBXFrameworksBuildPhase section */
		5630DF9B1EEE64750048DF18 /* Frameworks */ = {
			isa = PBXFrameworksBuildPhase;
			buildActionMask = 2147483647;
			files = (
			);
			runOnlyForDeploymentPostprocessing = 0;
		};
/* End PBXFrameworksBuildPhase section */

/* Begin PBXGroup section */
		5617772B1EF26581001C16B7 /* Library */ = {
			isa = PBXGroup;
			children = (
				561777301EF26581001C16B7 /* Extensions */,
				561777621EF2812D001C16B7 /* Models */,
				5617774D1EF27750001C16B7 /* Classes */,
				561777331EF26581001C16B7 /* IDPMacro.h */,
				561777341EF26581001C16B7 /* IDPRandom.h */,
				561777351EF26581001C16B7 /* IDPRandom.m */,
			);
			path = Library;
			sourceTree = "<group>";
		};
		561777301EF26581001C16B7 /* Extensions */ = {
			isa = PBXGroup;
			children = (
				561777311EF26581001C16B7 /* NSString+IDPRandom.h */,
				561777321EF26581001C16B7 /* NSString+IDPRandom.m */,
				561777391EF265DA001C16B7 /* UINib+IDPExtensions.h */,
				5617773A1EF265DA001C16B7 /* UINib+IDPExtensions.m */,
				566BCD911EF81AE5002531C4 /* IDPUserCell+Extensions.h */,
				566BCD921EF81AE5002531C4 /* IDPUserCell+Extensions.m */,
			);
			path = Extensions;
			sourceTree = "<group>";
		};
		561777441EF270E8001C16B7 /* Resources */ = {
			isa = PBXGroup;
			children = (
				561777451EF270E8001C16B7 /* Assets.xcassets */,
				561777461EF270E8001C16B7 /* LaunchScreen.storyboard */,
				561777481EF270E8001C16B7 /* Images */,
			);
			path = Resources;
			sourceTree = "<group>";
		};
		561777481EF270E8001C16B7 /* Images */ = {
			isa = PBXGroup;
			children = (
				561777491EF270E8001C16B7 /* image.jpg */,
			);
			path = Images;
			sourceTree = "<group>";
		};
		5617774D1EF27750001C16B7 /* Classes */ = {
			isa = PBXGroup;
			children = (
				5617774E1EF27750001C16B7 /* IDPObsevableObject */,
				561777581EF27750001C16B7 /* IDPTableViewCell */,
			);
			path = Classes;
			sourceTree = "<group>";
		};
		5617774E1EF27750001C16B7 /* IDPObsevableObject */ = {
			isa = PBXGroup;
			children = (
				5617774F1EF27750001C16B7 /* IDPBlockObservationController.h */,
				561777501EF27750001C16B7 /* IDPBlockObservationController.m */,
				561777511EF27750001C16B7 /* IDPObservableObject.h */,
				561777521EF27750001C16B7 /* IDPObservableObject.m */,
				561777531EF27750001C16B7 /* IDPObservationController.h */,
				561777541EF27750001C16B7 /* IDPObservationController.m */,
				561777551EF27750001C16B7 /* Private */,
			);
			path = IDPObsevableObject;
			sourceTree = "<group>";
		};
		561777551EF27750001C16B7 /* Private */ = {
			isa = PBXGroup;
			children = (
				561777561EF27750001C16B7 /* IDPObservableObject+IDPPrivate.h */,
				561777571EF27750001C16B7 /* IDPObservationController+IDPPrivate.h */,
			);
			path = Private;
			sourceTree = "<group>";
		};
		561777581EF27750001C16B7 /* IDPTableViewCell */ = {
			isa = PBXGroup;
			children = (
				561777591EF27750001C16B7 /* IDPTableViewCell.h */,
				5617775A1EF27750001C16B7 /* IDPTableViewCell.m */,
			);
			path = IDPTableViewCell;
			sourceTree = "<group>";
		};
		561777621EF2812D001C16B7 /* Models */ = {
			isa = PBXGroup;
			children = (
				564403891EF8FA1A007B8829 /* IDPUsersModel */,
				561777631EF2812D001C16B7 /* IDPImageModel */,
				561777661EF2812D001C16B7 /* IDPSquare */,
				561777691EF2812D001C16B7 /* IDPUser */,
			);
			name = Models;
			path = Sources/Models;
			sourceTree = SOURCE_ROOT;
		};
		561777631EF2812D001C16B7 /* IDPImageModel */ = {
			isa = PBXGroup;
			children = (
				5617776F1EF28F7B001C16B7 /* Private */,
				561777641EF2812D001C16B7 /* IDPImageModel.h */,
				561777651EF2812D001C16B7 /* IDPImageModel.m */,
			);
			path = IDPImageModel;
			sourceTree = "<group>";
		};
		561777661EF2812D001C16B7 /* IDPSquare */ = {
			isa = PBXGroup;
			children = (
				561777671EF2812D001C16B7 /* IDPSquare.h */,
				561777681EF2812D001C16B7 /* IDPSquare.m */,
			);
			path = IDPSquare;
			sourceTree = "<group>";
		};
		561777691EF2812D001C16B7 /* IDPUser */ = {
			isa = PBXGroup;
			children = (
				5617776A1EF2812D001C16B7 /* IDPUser.h */,
				5617776B1EF2812D001C16B7 /* IDPUser.m */,
			);
			path = IDPUser;
			sourceTree = "<group>";
		};
		5617776F1EF28F7B001C16B7 /* Private */ = {
			isa = PBXGroup;
			children = (
				561777701EF28FA4001C16B7 /* IDPImageModelDispatcher.h */,
				561777711EF28FA4001C16B7 /* IDPImageModelDispatcher.m */,
			);
			path = Private;
			sourceTree = "<group>";
		};
		5630DF951EEE64750048DF18 = {
			isa = PBXGroup;
			children = (
				566BCD6D1EF7A42C002531C4 /* Main */,
				561777441EF270E8001C16B7 /* Resources */,
				565510691EF177C4001098B7 /* Sources */,
				5630DF9F1EEE64750048DF18 /* Products */,
			);
			sourceTree = "<group>";
		};
		5630DF9F1EEE64750048DF18 /* Products */ = {
			isa = PBXGroup;
			children = (
				5630DF9E1EEE64750048DF18 /* UITask01.app */,
			);
			name = Products;
			sourceTree = "<group>";
		};
		564403891EF8FA1A007B8829 /* IDPUsersModel */ = {
			isa = PBXGroup;
			children = (
				5644038A1EF8FA1A007B8829 /* IDPUsersModel.h */,
				5644038B1EF8FA1A007B8829 /* IDPUsersModel.m */,
			);
			path = IDPUsersModel;
			sourceTree = "<group>";
		};
		564B5CCA1EF3B82E00C4D048 /* Views */ = {
			isa = PBXGroup;
			children = (
				564B5CCB1EF3B84F00C4D048 /* IDPImageView */,
			);
			path = Views;
			sourceTree = "<group>";
		};
		564B5CCB1EF3B84F00C4D048 /* IDPImageView */ = {
			isa = PBXGroup;
			children = (
				564B5CCC1EF3B86500C4D048 /* IDPImageView.h */,
				564B5CCD1EF3B86500C4D048 /* IDPImageView.m */,
			);
			path = IDPImageView;
			sourceTree = "<group>";
		};
		565510691EF177C4001098B7 /* Sources */ = {
			isa = PBXGroup;
			children = (
				5617772B1EF26581001C16B7 /* Library */,
				5655107C1EF177C4001098B7 /* UI */,
			);
			path = Sources;
			sourceTree = "<group>";
		};
		5655107C1EF177C4001098B7 /* UI */ = {
			isa = PBXGroup;
			children = (
				566BCD7F1EF7F3AC002531C4 /* IDPUsersViewController */,
				564B5CCA1EF3B82E00C4D048 /* Views */,
				5655107D1EF177C4001098B7 /* IDPSquareViewVontroller */,
			);
			path = UI;
			sourceTree = "<group>";
		};
		5655107D1EF177C4001098B7 /* IDPSquareViewVontroller */ = {
			isa = PBXGroup;
			children = (
				5655107E1EF177C4001098B7 /* IDPMainView.h */,
				5655107F1EF177C4001098B7 /* IDPMainView.m */,
				565510801EF177C4001098B7 /* IDPSquareViewController.h */,
				565510811EF177C4001098B7 /* IDPSquareViewController.m */,
				565510821EF177C4001098B7 /* IDPSquareViewController.xib */,
				565510831EF177C4001098B7 /* Views */,
			);
			path = IDPSquareViewVontroller;
			sourceTree = "<group>";
		};
		565510831EF177C4001098B7 /* Views */ = {
			isa = PBXGroup;
			children = (
				565510841EF177C4001098B7 /* IDPSquareView.h */,
				565510851EF177C4001098B7 /* IDPSquareView.m */,
			);
			path = Views;
			sourceTree = "<group>";
		};
		566BCD6D1EF7A42C002531C4 /* Main */ = {
			isa = PBXGroup;
			children = (
				566BCD6E1EF7A42C002531C4 /* IDPAppDelegate.h */,
				566BCD6F1EF7A42C002531C4 /* IDPAppDelegate.m */,
				566BCD701EF7A42C002531C4 /* Info.plist */,
				566BCD711EF7A42C002531C4 /* main.m */,
			);
			path = Main;
			sourceTree = "<group>";
		};
		566BCD7F1EF7F3AC002531C4 /* IDPUsersViewController */ = {
			isa = PBXGroup;
			children = (
				566BCD801EF7F3AC002531C4 /* IDPMainTableView.h */,
				566BCD811EF7F3AC002531C4 /* IDPMainTableView.m */,
				566BCD821EF7F3AC002531C4 /* IDPUsersViewController.h */,
				566BCD831EF7F3AC002531C4 /* IDPUsersViewController.m */,
				566BCD841EF7F3AC002531C4 /* IDPUsersViewController.xib */,
				566BCD851EF7F3AC002531C4 /* Views */,
			);
			path = IDPUsersViewController;
			sourceTree = "<group>";
		};
		566BCD851EF7F3AC002531C4 /* Views */ = {
			isa = PBXGroup;
			children = (
				566BCD861EF7F3AC002531C4 /* IDPUserCell.h */,
				566BCD871EF7F3AC002531C4 /* IDPUserCell.m */,
				566BCD881EF7F3AC002531C4 /* IDPUserCell.xib */,
				566BCD891EF7F3AC002531C4 /* IDPUsersView.h */,
				566BCD8A1EF7F3AC002531C4 /* IDPUsersView.m */,
			);
			path = Views;
			sourceTree = "<group>";
		};
/* End PBXGroup section */

/* Begin PBXNativeTarget section */
		5630DF9D1EEE64750048DF18 /* UITask01 */ = {
			isa = PBXNativeTarget;
			buildConfigurationList = 5630DFB51EEE64750048DF18 /* Build configuration list for PBXNativeTarget "UITask01" */;
			buildPhases = (
				5630DF9A1EEE64750048DF18 /* Sources */,
				5630DF9B1EEE64750048DF18 /* Frameworks */,
				5630DF9C1EEE64750048DF18 /* Resources */,
			);
			buildRules = (
			);
			dependencies = (
			);
			name = UITask01;
			productName = UITask01;
			productReference = 5630DF9E1EEE64750048DF18 /* UITask01.app */;
			productType = "com.apple.product-type.application";
		};
/* End PBXNativeTarget section */

/* Begin PBXProject section */
		5630DF961EEE64750048DF18 /* Project object */ = {
			isa = PBXProject;
			attributes = {
				LastUpgradeCheck = 0820;
				ORGANIZATIONNAME = Student003;
				TargetAttributes = {
					5630DF9D1EEE64750048DF18 = {
						CreatedOnToolsVersion = 8.2.1;
						ProvisioningStyle = Automatic;
					};
				};
			};
			buildConfigurationList = 5630DF991EEE64750048DF18 /* Build configuration list for PBXProject "UITask01" */;
			compatibilityVersion = "Xcode 3.2";
			developmentRegion = English;
			hasScannedForEncodings = 0;
			knownRegions = (
				en,
				Base,
			);
			mainGroup = 5630DF951EEE64750048DF18;
			productRefGroup = 5630DF9F1EEE64750048DF18 /* Products */;
			projectDirPath = "";
			projectRoot = "";
			targets = (
				5630DF9D1EEE64750048DF18 /* UITask01 */,
			);
		};
/* End PBXProject section */

/* Begin PBXResourcesBuildPhase section */
		5630DF9C1EEE64750048DF18 /* Resources */ = {
			isa = PBXResourcesBuildPhase;
			buildActionMask = 2147483647;
			files = (
				565510971EF177C4001098B7 /* IDPSquareViewController.xib in Resources */,
				566BCD8D1EF7F3AC002531C4 /* IDPUsersViewController.xib in Resources */,
				5617774B1EF270E8001C16B7 /* LaunchScreen.storyboard in Resources */,
				5617774C1EF270E8001C16B7 /* image.jpg in Resources */,
				5617774A1EF270E8001C16B7 /* Assets.xcassets in Resources */,
				566BCD8F1EF7F3AC002531C4 /* IDPUserCell.xib in Resources */,
				566BCD731EF7A42C002531C4 /* Info.plist in Resources */,
			);
			runOnlyForDeploymentPostprocessing = 0;
		};
/* End PBXResourcesBuildPhase section */

/* Begin PBXSourcesBuildPhase section */
		5630DF9A1EEE64750048DF18 /* Sources */ = {
			isa = PBXSourcesBuildPhase;
			buildActionMask = 2147483647;
			files = (
				5617775B1EF27750001C16B7 /* IDPBlockObservationController.m in Sources */,
				5617775D1EF27750001C16B7 /* IDPObservationController.m in Sources */,
				5617776D1EF2812D001C16B7 /* IDPSquare.m in Sources */,
				566BCD901EF7F3AC002531C4 /* IDPUsersView.m in Sources */,
				561777381EF26581001C16B7 /* IDPRandom.m in Sources */,
				566BCD8B1EF7F3AC002531C4 /* IDPMainTableView.m in Sources */,
				5617776E1EF2812D001C16B7 /* IDPUser.m in Sources */,
				561777721EF28FA4001C16B7 /* IDPImageModelDispatcher.m in Sources */,
				566BCD8E1EF7F3AC002531C4 /* IDPUserCell.m in Sources */,
				5617775C1EF27750001C16B7 /* IDPObservableObject.m in Sources */,
				565510981EF177C4001098B7 /* IDPSquareView.m in Sources */,
				566BCD741EF7A42C002531C4 /* main.m in Sources */,
				565510961EF177C4001098B7 /* IDPSquareViewController.m in Sources */,
				566BCD721EF7A42C002531C4 /* IDPAppDelegate.m in Sources */,
				564B5CCE1EF3B86500C4D048 /* IDPImageView.m in Sources */,
				566BCD931EF81AE5002531C4 /* IDPUserCell+Extensions.m in Sources */,
				566BCD8C1EF7F3AC002531C4 /* IDPUsersViewController.m in Sources */,
				561777371EF26581001C16B7 /* NSString+IDPRandom.m in Sources */,
				565510951EF177C4001098B7 /* IDPMainView.m in Sources */,
				5617773B1EF265DA001C16B7 /* UINib+IDPExtensions.m in Sources */,
				5644038C1EF8FA1A007B8829 /* IDPUsersModel.m in Sources */,
				5617776C1EF2812D001C16B7 /* IDPImageModel.m in Sources */,
				5617775E1EF27750001C16B7 /* IDPTableViewCell.m in Sources */,
			);
			runOnlyForDeploymentPostprocessing = 0;
		};
/* End PBXSourcesBuildPhase section */

/* Begin PBXVariantGroup section */
		561777461EF270E8001C16B7 /* LaunchScreen.storyboard */ = {
			isa = PBXVariantGroup;
			children = (
				561777471EF270E8001C16B7 /* Base */,
			);
			name = LaunchScreen.storyboard;
			sourceTree = "<group>";
		};
/* End PBXVariantGroup section */

/* Begin XCBuildConfiguration section */
		5630DFB31EEE64750048DF18 /* Debug */ = {
			isa = XCBuildConfiguration;
			buildSettings = {
				ALWAYS_SEARCH_USER_PATHS = NO;
				CLANG_ANALYZER_NONNULL = YES;
				CLANG_CXX_LANGUAGE_STANDARD = "gnu++0x";
				CLANG_CXX_LIBRARY = "libc++";
				CLANG_ENABLE_MODULES = YES;
				CLANG_ENABLE_OBJC_ARC = YES;
				CLANG_WARN_BOOL_CONVERSION = YES;
				CLANG_WARN_CONSTANT_CONVERSION = YES;
				CLANG_WARN_DIRECT_OBJC_ISA_USAGE = YES_ERROR;
				CLANG_WARN_DOCUMENTATION_COMMENTS = YES;
				CLANG_WARN_EMPTY_BODY = YES;
				CLANG_WARN_ENUM_CONVERSION = YES;
				CLANG_WARN_INFINITE_RECURSION = YES;
				CLANG_WARN_INT_CONVERSION = YES;
				CLANG_WARN_OBJC_ROOT_CLASS = YES_ERROR;
				CLANG_WARN_SUSPICIOUS_MOVE = YES;
				CLANG_WARN_UNREACHABLE_CODE = YES;
				CLANG_WARN__DUPLICATE_METHOD_MATCH = YES;
				"CODE_SIGN_IDENTITY[sdk=iphoneos*]" = "iPhone Developer";
				COPY_PHASE_STRIP = NO;
				DEBUG_INFORMATION_FORMAT = dwarf;
				ENABLE_STRICT_OBJC_MSGSEND = YES;
				ENABLE_TESTABILITY = YES;
				GCC_C_LANGUAGE_STANDARD = gnu99;
				GCC_DYNAMIC_NO_PIC = NO;
				GCC_NO_COMMON_BLOCKS = YES;
				GCC_OPTIMIZATION_LEVEL = 0;
				GCC_PREPROCESSOR_DEFINITIONS = (
					"DEBUG=1",
					"$(inherited)",
				);
				GCC_WARN_64_TO_32_BIT_CONVERSION = YES;
				GCC_WARN_ABOUT_RETURN_TYPE = YES_ERROR;
				GCC_WARN_UNDECLARED_SELECTOR = YES;
				GCC_WARN_UNINITIALIZED_AUTOS = YES_AGGRESSIVE;
				GCC_WARN_UNUSED_FUNCTION = YES;
				GCC_WARN_UNUSED_VARIABLE = YES;
				IPHONEOS_DEPLOYMENT_TARGET = 10.2;
				MTL_ENABLE_DEBUG_INFO = YES;
				ONLY_ACTIVE_ARCH = YES;
				SDKROOT = iphoneos;
			};
			name = Debug;
		};
		5630DFB41EEE64750048DF18 /* Release */ = {
			isa = XCBuildConfiguration;
			buildSettings = {
				ALWAYS_SEARCH_USER_PATHS = NO;
				CLANG_ANALYZER_NONNULL = YES;
				CLANG_CXX_LANGUAGE_STANDARD = "gnu++0x";
				CLANG_CXX_LIBRARY = "libc++";
				CLANG_ENABLE_MODULES = YES;
				CLANG_ENABLE_OBJC_ARC = YES;
				CLANG_WARN_BOOL_CONVERSION = YES;
				CLANG_WARN_CONSTANT_CONVERSION = YES;
				CLANG_WARN_DIRECT_OBJC_ISA_USAGE = YES_ERROR;
				CLANG_WARN_DOCUMENTATION_COMMENTS = YES;
				CLANG_WARN_EMPTY_BODY = YES;
				CLANG_WARN_ENUM_CONVERSION = YES;
				CLANG_WARN_INFINITE_RECURSION = YES;
				CLANG_WARN_INT_CONVERSION = YES;
				CLANG_WARN_OBJC_ROOT_CLASS = YES_ERROR;
				CLANG_WARN_SUSPICIOUS_MOVE = YES;
				CLANG_WARN_UNREACHABLE_CODE = YES;
				CLANG_WARN__DUPLICATE_METHOD_MATCH = YES;
				"CODE_SIGN_IDENTITY[sdk=iphoneos*]" = "iPhone Developer";
				COPY_PHASE_STRIP = NO;
				DEBUG_INFORMATION_FORMAT = "dwarf-with-dsym";
				ENABLE_NS_ASSERTIONS = NO;
				ENABLE_STRICT_OBJC_MSGSEND = YES;
				GCC_C_LANGUAGE_STANDARD = gnu99;
				GCC_NO_COMMON_BLOCKS = YES;
				GCC_WARN_64_TO_32_BIT_CONVERSION = YES;
				GCC_WARN_ABOUT_RETURN_TYPE = YES_ERROR;
				GCC_WARN_UNDECLARED_SELECTOR = YES;
				GCC_WARN_UNINITIALIZED_AUTOS = YES_AGGRESSIVE;
				GCC_WARN_UNUSED_FUNCTION = YES;
				GCC_WARN_UNUSED_VARIABLE = YES;
				IPHONEOS_DEPLOYMENT_TARGET = 10.2;
				MTL_ENABLE_DEBUG_INFO = NO;
				SDKROOT = iphoneos;
				VALIDATE_PRODUCT = YES;
			};
			name = Release;
		};
		5630DFB61EEE64750048DF18 /* Debug */ = {
			isa = XCBuildConfiguration;
			buildSettings = {
				ASSETCATALOG_COMPILER_APPICON_NAME = AppIcon;
				INFOPLIST_FILE = "$(SRCROOT)/Main/Info.plist";
				LD_RUNPATH_SEARCH_PATHS = "$(inherited) @executable_path/Frameworks";
				PRODUCT_BUNDLE_IDENTIFIER = IDP.UITask01;
				PRODUCT_NAME = "$(TARGET_NAME)";
			};
			name = Debug;
		};
		5630DFB71EEE64750048DF18 /* Release */ = {
			isa = XCBuildConfiguration;
			buildSettings = {
				ASSETCATALOG_COMPILER_APPICON_NAME = AppIcon;
				INFOPLIST_FILE = "$(SRCROOT)/Main/Info.plist";
				LD_RUNPATH_SEARCH_PATHS = "$(inherited) @executable_path/Frameworks";
				PRODUCT_BUNDLE_IDENTIFIER = IDP.UITask01;
				PRODUCT_NAME = "$(TARGET_NAME)";
			};
			name = Release;
		};
/* End XCBuildConfiguration section */

/* Begin XCConfigurationList section */
		5630DF991EEE64750048DF18 /* Build configuration list for PBXProject "UITask01" */ = {
			isa = XCConfigurationList;
			buildConfigurations = (
				5630DFB31EEE64750048DF18 /* Debug */,
				5630DFB41EEE64750048DF18 /* Release */,
			);
			defaultConfigurationIsVisible = 0;
			defaultConfigurationName = Release;
		};
		5630DFB51EEE64750048DF18 /* Build configuration list for PBXNativeTarget "UITask01" */ = {
			isa = XCConfigurationList;
			buildConfigurations = (
				5630DFB61EEE64750048DF18 /* Debug */,
				5630DFB71EEE64750048DF18 /* Release */,
			);
			defaultConfigurationIsVisible = 0;
			defaultConfigurationName = Release;
		};
/* End XCConfigurationList section */
	};
	rootObject = 5630DF961EEE64750048DF18 /* Project object */;
}
