// !$*UTF8*$!
{
	archiveVersion = 1;
	classes = {
	};
	objectVersion = 46;
	objects = {

/* Begin PBXBuildFile section */
		561777381EF26581001C16B7 /* IDPRandom.m in Sources */ = {isa = PBXBuildFile; fileRef = 561777351EF26581001C16B7 /* IDPRandom.m */; };
		5617774A1EF270E8001C16B7 /* Assets.xcassets in Resources */ = {isa = PBXBuildFile; fileRef = 561777451EF270E8001C16B7 /* Assets.xcassets */; };
		5617774B1EF270E8001C16B7 /* LaunchScreen.storyboard in Resources */ = {isa = PBXBuildFile; fileRef = 561777461EF270E8001C16B7 /* LaunchScreen.storyboard */; };
		5617774C1EF270E8001C16B7 /* image.jpg in Resources */ = {isa = PBXBuildFile; fileRef = 561777491EF270E8001C16B7 /* image.jpg */; };
		5617775C1EF27750001C16B7 /* IDPObservableObject.m in Sources */ = {isa = PBXBuildFile; fileRef = 561777521EF27750001C16B7 /* IDPObservableObject.m */; };
		5617775E1EF27750001C16B7 /* IDPTableViewCell.m in Sources */ = {isa = PBXBuildFile; fileRef = 5617775A1EF27750001C16B7 /* IDPTableViewCell.m */; };
		564967CD1F0BD0AB00A0EFA3 /* IDPArrayModel.m in Sources */ = {isa = PBXBuildFile; fileRef = 564967AC1F0BD0AB00A0EFA3 /* IDPArrayModel.m */; };
		564967CE1F0BD0AB00A0EFA3 /* IDPImageModel.m in Sources */ = {isa = PBXBuildFile; fileRef = 564967AF1F0BD0AB00A0EFA3 /* IDPImageModel.m */; };
		564967CF1F0BD0AB00A0EFA3 /* IDPFileSystemImageModel.m in Sources */ = {isa = PBXBuildFile; fileRef = 564967B21F0BD0AB00A0EFA3 /* IDPFileSystemImageModel.m */; };
		564967D01F0BD0AB00A0EFA3 /* IDPInternetImageModel.m in Sources */ = {isa = PBXBuildFile; fileRef = 564967B41F0BD0AB00A0EFA3 /* IDPInternetImageModel.m */; };
		564967D11F0BD0AB00A0EFA3 /* IDPModel.m in Sources */ = {isa = PBXBuildFile; fileRef = 564967B71F0BD0AB00A0EFA3 /* IDPModel.m */; };
		564967D21F0BD0AB00A0EFA3 /* IDPModificationModel.m in Sources */ = {isa = PBXBuildFile; fileRef = 564967BA1F0BD0AB00A0EFA3 /* IDPModificationModel.m */; };
		564967D31F0BD0AB00A0EFA3 /* IDPDeletionModel.m in Sources */ = {isa = PBXBuildFile; fileRef = 564967BD1F0BD0AB00A0EFA3 /* IDPDeletionModel.m */; };
		564967D41F0BD0AB00A0EFA3 /* IDPDoubleIndexModificationModel.m in Sources */ = {isa = PBXBuildFile; fileRef = 564967BF1F0BD0AB00A0EFA3 /* IDPDoubleIndexModificationModel.m */; };
		564967D51F0BD0AB00A0EFA3 /* IDPInsertionModel.m in Sources */ = {isa = PBXBuildFile; fileRef = 564967C11F0BD0AB00A0EFA3 /* IDPInsertionModel.m */; };
		564967D61F0BD0AB00A0EFA3 /* IDPMovementModel.m in Sources */ = {isa = PBXBuildFile; fileRef = 564967C31F0BD0AB00A0EFA3 /* IDPMovementModel.m */; };
		564967D71F0BD0AB00A0EFA3 /* IDPSquare.m in Sources */ = {isa = PBXBuildFile; fileRef = 564967C61F0BD0AB00A0EFA3 /* IDPSquare.m */; };
		564967D81F0BD0AB00A0EFA3 /* IDPUser.m in Sources */ = {isa = PBXBuildFile; fileRef = 564967C91F0BD0AB00A0EFA3 /* IDPUser.m */; };
		564967D91F0BD0AB00A0EFA3 /* IDPUsersModel.m in Sources */ = {isa = PBXBuildFile; fileRef = 564967CC1F0BD0AB00A0EFA3 /* IDPUsersModel.m */; };
		564967F21F0BD0E500A0EFA3 /* IDPModificationModel+UITableView.m in Sources */ = {isa = PBXBuildFile; fileRef = 564967DE1F0BD0E500A0EFA3 /* IDPModificationModel+UITableView.m */; };
		564967F31F0BD0E500A0EFA3 /* NSArray+IDPExtensions.m in Sources */ = {isa = PBXBuildFile; fileRef = 564967E01F0BD0E500A0EFA3 /* NSArray+IDPExtensions.m */; };
		564967F41F0BD0E500A0EFA3 /* NSBundle+IDPExtensions.m in Sources */ = {isa = PBXBuildFile; fileRef = 564967E21F0BD0E500A0EFA3 /* NSBundle+IDPExtensions.m */; };
		564967F51F0BD0E500A0EFA3 /* NSFileManager+IDPExtensions.m in Sources */ = {isa = PBXBuildFile; fileRef = 564967E41F0BD0E500A0EFA3 /* NSFileManager+IDPExtensions.m */; };
		564967F61F0BD0E500A0EFA3 /* NSMutableArray+IDPExtensions.m in Sources */ = {isa = PBXBuildFile; fileRef = 564967E61F0BD0E500A0EFA3 /* NSMutableArray+IDPExtensions.m */; };
		564967F71F0BD0E500A0EFA3 /* NSString+IDPRandom.m in Sources */ = {isa = PBXBuildFile; fileRef = 564967E81F0BD0E500A0EFA3 /* NSString+IDPRandom.m */; };
		564967F81F0BD0E500A0EFA3 /* UINib+IDPExtensions.m in Sources */ = {isa = PBXBuildFile; fileRef = 564967EA1F0BD0E500A0EFA3 /* UINib+IDPExtensions.m */; };
		564967F91F0BD0E500A0EFA3 /* UITableView+IDPExtensions.m in Sources */ = {isa = PBXBuildFile; fileRef = 564967EC1F0BD0E500A0EFA3 /* UITableView+IDPExtensions.m */; };
		564967FA1F0BD0E500A0EFA3 /* UIViewController+IDPExtensions.m in Sources */ = {isa = PBXBuildFile; fileRef = 564967EE1F0BD0E500A0EFA3 /* UIViewController+IDPExtensions.m */; };
		564967FB1F0BD0E500A0EFA3 /* UIWindow+IDPExtensions.m in Sources */ = {isa = PBXBuildFile; fileRef = 564967F01F0BD0E500A0EFA3 /* UIWindow+IDPExtensions.m */; };
		564C9C241F0D268A0007E8AA /* IDPCache.m in Sources */ = {isa = PBXBuildFile; fileRef = 564C9C231F0D268A0007E8AA /* IDPCache.m */; };
		565510951EF177C4001098B7 /* IDPMainView.m in Sources */ = {isa = PBXBuildFile; fileRef = 5655107F1EF177C4001098B7 /* IDPMainView.m */; };
		565510961EF177C4001098B7 /* IDPSquareViewController.m in Sources */ = {isa = PBXBuildFile; fileRef = 565510811EF177C4001098B7 /* IDPSquareViewController.m */; };
		565510971EF177C4001098B7 /* IDPSquareViewController.xib in Resources */ = {isa = PBXBuildFile; fileRef = 565510821EF177C4001098B7 /* IDPSquareViewController.xib */; };
		565510981EF177C4001098B7 /* IDPSquareView.m in Sources */ = {isa = PBXBuildFile; fileRef = 565510851EF177C4001098B7 /* IDPSquareView.m */; };
		5656421B1F03E0760023B3EE /* IDPImageView.m in Sources */ = {isa = PBXBuildFile; fileRef = 5656421A1F03E0760023B3EE /* IDPImageView.m */; };
		5656421F1F03E14F0023B3EE /* IDPLoadingViewContainer.m in Sources */ = {isa = PBXBuildFile; fileRef = 5656421E1F03E14F0023B3EE /* IDPLoadingViewContainer.m */; };
		565642281F03E2AB0023B3EE /* IDPLoadingView.m in Sources */ = {isa = PBXBuildFile; fileRef = 565642271F03E2AB0023B3EE /* IDPLoadingView.m */; };
		5656422A1F03EFC90023B3EE /* IDPLoadingView.xib in Resources */ = {isa = PBXBuildFile; fileRef = 565642291F03EFC90023B3EE /* IDPLoadingView.xib */; };
		566BCD721EF7A42C002531C4 /* IDPAppDelegate.m in Sources */ = {isa = PBXBuildFile; fileRef = 566BCD6F1EF7A42C002531C4 /* IDPAppDelegate.m */; };
		566BCD731EF7A42C002531C4 /* Info.plist in Resources */ = {isa = PBXBuildFile; fileRef = 566BCD701EF7A42C002531C4 /* Info.plist */; };
		566BCD741EF7A42C002531C4 /* main.m in Sources */ = {isa = PBXBuildFile; fileRef = 566BCD711EF7A42C002531C4 /* main.m */; };
		566BCD8B1EF7F3AC002531C4 /* IDPUsersView.m in Sources */ = {isa = PBXBuildFile; fileRef = 566BCD811EF7F3AC002531C4 /* IDPUsersView.m */; };
		566BCD8C1EF7F3AC002531C4 /* IDPUsersViewController.m in Sources */ = {isa = PBXBuildFile; fileRef = 566BCD831EF7F3AC002531C4 /* IDPUsersViewController.m */; };
		566BCD8D1EF7F3AC002531C4 /* IDPUsersViewController.xib in Resources */ = {isa = PBXBuildFile; fileRef = 566BCD841EF7F3AC002531C4 /* IDPUsersViewController.xib */; };
		566BCD8E1EF7F3AC002531C4 /* IDPUserCell.m in Sources */ = {isa = PBXBuildFile; fileRef = 566BCD871EF7F3AC002531C4 /* IDPUserCell.m */; };
		566BCD8F1EF7F3AC002531C4 /* IDPUserCell.xib in Resources */ = {isa = PBXBuildFile; fileRef = 566BCD881EF7F3AC002531C4 /* IDPUserCell.xib */; };
		567450B21F02A34A00103897 /* IDPGCD.m in Sources */ = {isa = PBXBuildFile; fileRef = 567450B11F02A34A00103897 /* IDPGCD.m */; };
		5696A7501F0E20A600C3A6DC /* NSURL+IDPExtensions.m in Sources */ = {isa = PBXBuildFile; fileRef = 5696A74F1F0E20A600C3A6DC /* NSURL+IDPExtensions.m */; };
/* End PBXBuildFile section */

/* Begin PBXFileReference section */
		561777331EF26581001C16B7 /* IDPMacro.h */ = {isa = PBXFileReference; fileEncoding = 4; lastKnownFileType = sourcecode.c.h; path = IDPMacro.h; sourceTree = "<group>"; };
		561777341EF26581001C16B7 /* IDPRandom.h */ = {isa = PBXFileReference; fileEncoding = 4; lastKnownFileType = sourcecode.c.h; path = IDPRandom.h; sourceTree = "<group>"; };
		561777351EF26581001C16B7 /* IDPRandom.m */ = {isa = PBXFileReference; fileEncoding = 4; lastKnownFileType = sourcecode.c.objc; path = IDPRandom.m; sourceTree = "<group>"; };
		561777451EF270E8001C16B7 /* Assets.xcassets */ = {isa = PBXFileReference; lastKnownFileType = folder.assetcatalog; path = Assets.xcassets; sourceTree = "<group>"; };
		561777471EF270E8001C16B7 /* Base */ = {isa = PBXFileReference; lastKnownFileType = file.storyboard; name = Base; path = Base.lproj/LaunchScreen.storyboard; sourceTree = "<group>"; };
		561777491EF270E8001C16B7 /* image.jpg */ = {isa = PBXFileReference; lastKnownFileType = image.jpeg; path = image.jpg; sourceTree = "<group>"; };
		561777511EF27750001C16B7 /* IDPObservableObject.h */ = {isa = PBXFileReference; fileEncoding = 4; lastKnownFileType = sourcecode.c.h; path = IDPObservableObject.h; sourceTree = "<group>"; };
		561777521EF27750001C16B7 /* IDPObservableObject.m */ = {isa = PBXFileReference; fileEncoding = 4; lastKnownFileType = sourcecode.c.objc; path = IDPObservableObject.m; sourceTree = "<group>"; };
		561777591EF27750001C16B7 /* IDPTableViewCell.h */ = {isa = PBXFileReference; fileEncoding = 4; lastKnownFileType = sourcecode.c.h; path = IDPTableViewCell.h; sourceTree = "<group>"; };
		5617775A1EF27750001C16B7 /* IDPTableViewCell.m */ = {isa = PBXFileReference; fileEncoding = 4; lastKnownFileType = sourcecode.c.objc; path = IDPTableViewCell.m; sourceTree = "<group>"; };
		5630DF9E1EEE64750048DF18 /* UITask01.app */ = {isa = PBXFileReference; explicitFileType = wrapper.application; includeInIndex = 0; path = UITask01.app; sourceTree = BUILT_PRODUCTS_DIR; };
		564967AB1F0BD0AB00A0EFA3 /* IDPArrayModel.h */ = {isa = PBXFileReference; fileEncoding = 4; lastKnownFileType = sourcecode.c.h; path = IDPArrayModel.h; sourceTree = "<group>"; };
		564967AC1F0BD0AB00A0EFA3 /* IDPArrayModel.m */ = {isa = PBXFileReference; fileEncoding = 4; lastKnownFileType = sourcecode.c.objc; path = IDPArrayModel.m; sourceTree = "<group>"; };
		564967AE1F0BD0AB00A0EFA3 /* IDPImageModel.h */ = {isa = PBXFileReference; fileEncoding = 4; lastKnownFileType = sourcecode.c.h; path = IDPImageModel.h; sourceTree = "<group>"; };
		564967AF1F0BD0AB00A0EFA3 /* IDPImageModel.m */ = {isa = PBXFileReference; fileEncoding = 4; lastKnownFileType = sourcecode.c.objc; path = IDPImageModel.m; sourceTree = "<group>"; };
		564967B11F0BD0AB00A0EFA3 /* IDPFileSystemImageModel.h */ = {isa = PBXFileReference; fileEncoding = 4; lastKnownFileType = sourcecode.c.h; path = IDPFileSystemImageModel.h; sourceTree = "<group>"; };
		564967B21F0BD0AB00A0EFA3 /* IDPFileSystemImageModel.m */ = {isa = PBXFileReference; fileEncoding = 4; lastKnownFileType = sourcecode.c.objc; path = IDPFileSystemImageModel.m; sourceTree = "<group>"; };
		564967B31F0BD0AB00A0EFA3 /* IDPInternetImageModel.h */ = {isa = PBXFileReference; fileEncoding = 4; lastKnownFileType = sourcecode.c.h; path = IDPInternetImageModel.h; sourceTree = "<group>"; };
		564967B41F0BD0AB00A0EFA3 /* IDPInternetImageModel.m */ = {isa = PBXFileReference; fileEncoding = 4; lastKnownFileType = sourcecode.c.objc; path = IDPInternetImageModel.m; sourceTree = "<group>"; };
		564967B61F0BD0AB00A0EFA3 /* IDPModel.h */ = {isa = PBXFileReference; fileEncoding = 4; lastKnownFileType = sourcecode.c.h; path = IDPModel.h; sourceTree = "<group>"; };
		564967B71F0BD0AB00A0EFA3 /* IDPModel.m */ = {isa = PBXFileReference; fileEncoding = 4; lastKnownFileType = sourcecode.c.objc; path = IDPModel.m; sourceTree = "<group>"; };
		564967B91F0BD0AB00A0EFA3 /* IDPModificationModel.h */ = {isa = PBXFileReference; fileEncoding = 4; lastKnownFileType = sourcecode.c.h; path = IDPModificationModel.h; sourceTree = "<group>"; };
		564967BA1F0BD0AB00A0EFA3 /* IDPModificationModel.m */ = {isa = PBXFileReference; fileEncoding = 4; lastKnownFileType = sourcecode.c.objc; path = IDPModificationModel.m; sourceTree = "<group>"; };
		564967BC1F0BD0AB00A0EFA3 /* IDPDeletionModel.h */ = {isa = PBXFileReference; fileEncoding = 4; lastKnownFileType = sourcecode.c.h; path = IDPDeletionModel.h; sourceTree = "<group>"; };
		564967BD1F0BD0AB00A0EFA3 /* IDPDeletionModel.m */ = {isa = PBXFileReference; fileEncoding = 4; lastKnownFileType = sourcecode.c.objc; path = IDPDeletionModel.m; sourceTree = "<group>"; };
		564967BE1F0BD0AB00A0EFA3 /* IDPDoubleIndexModificationModel.h */ = {isa = PBXFileReference; fileEncoding = 4; lastKnownFileType = sourcecode.c.h; path = IDPDoubleIndexModificationModel.h; sourceTree = "<group>"; };
		564967BF1F0BD0AB00A0EFA3 /* IDPDoubleIndexModificationModel.m */ = {isa = PBXFileReference; fileEncoding = 4; lastKnownFileType = sourcecode.c.objc; path = IDPDoubleIndexModificationModel.m; sourceTree = "<group>"; };
		564967C01F0BD0AB00A0EFA3 /* IDPInsertionModel.h */ = {isa = PBXFileReference; fileEncoding = 4; lastKnownFileType = sourcecode.c.h; path = IDPInsertionModel.h; sourceTree = "<group>"; };
		564967C11F0BD0AB00A0EFA3 /* IDPInsertionModel.m */ = {isa = PBXFileReference; fileEncoding = 4; lastKnownFileType = sourcecode.c.objc; path = IDPInsertionModel.m; sourceTree = "<group>"; };
		564967C21F0BD0AB00A0EFA3 /* IDPMovementModel.h */ = {isa = PBXFileReference; fileEncoding = 4; lastKnownFileType = sourcecode.c.h; path = IDPMovementModel.h; sourceTree = "<group>"; };
		564967C31F0BD0AB00A0EFA3 /* IDPMovementModel.m */ = {isa = PBXFileReference; fileEncoding = 4; lastKnownFileType = sourcecode.c.objc; path = IDPMovementModel.m; sourceTree = "<group>"; };
		564967C51F0BD0AB00A0EFA3 /* IDPSquare.h */ = {isa = PBXFileReference; fileEncoding = 4; lastKnownFileType = sourcecode.c.h; path = IDPSquare.h; sourceTree = "<group>"; };
		564967C61F0BD0AB00A0EFA3 /* IDPSquare.m */ = {isa = PBXFileReference; fileEncoding = 4; lastKnownFileType = sourcecode.c.objc; path = IDPSquare.m; sourceTree = "<group>"; };
		564967C81F0BD0AB00A0EFA3 /* IDPUser.h */ = {isa = PBXFileReference; fileEncoding = 4; lastKnownFileType = sourcecode.c.h; path = IDPUser.h; sourceTree = "<group>"; };
		564967C91F0BD0AB00A0EFA3 /* IDPUser.m */ = {isa = PBXFileReference; fileEncoding = 4; lastKnownFileType = sourcecode.c.objc; path = IDPUser.m; sourceTree = "<group>"; };
		564967CB1F0BD0AB00A0EFA3 /* IDPUsersModel.h */ = {isa = PBXFileReference; fileEncoding = 4; lastKnownFileType = sourcecode.c.h; path = IDPUsersModel.h; sourceTree = "<group>"; };
		564967CC1F0BD0AB00A0EFA3 /* IDPUsersModel.m */ = {isa = PBXFileReference; fileEncoding = 4; lastKnownFileType = sourcecode.c.objc; path = IDPUsersModel.m; sourceTree = "<group>"; };
		564967DD1F0BD0E500A0EFA3 /* IDPModificationModel+UITableView.h */ = {isa = PBXFileReference; fileEncoding = 4; lastKnownFileType = sourcecode.c.h; path = "IDPModificationModel+UITableView.h"; sourceTree = "<group>"; };
		564967DE1F0BD0E500A0EFA3 /* IDPModificationModel+UITableView.m */ = {isa = PBXFileReference; fileEncoding = 4; lastKnownFileType = sourcecode.c.objc; path = "IDPModificationModel+UITableView.m"; sourceTree = "<group>"; };
		564967DF1F0BD0E500A0EFA3 /* NSArray+IDPExtensions.h */ = {isa = PBXFileReference; fileEncoding = 4; lastKnownFileType = sourcecode.c.h; path = "NSArray+IDPExtensions.h"; sourceTree = "<group>"; };
		564967E01F0BD0E500A0EFA3 /* NSArray+IDPExtensions.m */ = {isa = PBXFileReference; fileEncoding = 4; lastKnownFileType = sourcecode.c.objc; path = "NSArray+IDPExtensions.m"; sourceTree = "<group>"; };
		564967E11F0BD0E500A0EFA3 /* NSBundle+IDPExtensions.h */ = {isa = PBXFileReference; fileEncoding = 4; lastKnownFileType = sourcecode.c.h; path = "NSBundle+IDPExtensions.h"; sourceTree = "<group>"; };
		564967E21F0BD0E500A0EFA3 /* NSBundle+IDPExtensions.m */ = {isa = PBXFileReference; fileEncoding = 4; lastKnownFileType = sourcecode.c.objc; path = "NSBundle+IDPExtensions.m"; sourceTree = "<group>"; };
		564967E31F0BD0E500A0EFA3 /* NSFileManager+IDPExtensions.h */ = {isa = PBXFileReference; fileEncoding = 4; lastKnownFileType = sourcecode.c.h; path = "NSFileManager+IDPExtensions.h"; sourceTree = "<group>"; };
		564967E41F0BD0E500A0EFA3 /* NSFileManager+IDPExtensions.m */ = {isa = PBXFileReference; fileEncoding = 4; lastKnownFileType = sourcecode.c.objc; path = "NSFileManager+IDPExtensions.m"; sourceTree = "<group>"; };
		564967E51F0BD0E500A0EFA3 /* NSMutableArray+IDPExtensions.h */ = {isa = PBXFileReference; fileEncoding = 4; lastKnownFileType = sourcecode.c.h; path = "NSMutableArray+IDPExtensions.h"; sourceTree = "<group>"; };
		564967E61F0BD0E500A0EFA3 /* NSMutableArray+IDPExtensions.m */ = {isa = PBXFileReference; fileEncoding = 4; lastKnownFileType = sourcecode.c.objc; path = "NSMutableArray+IDPExtensions.m"; sourceTree = "<group>"; };
		564967E71F0BD0E500A0EFA3 /* NSString+IDPRandom.h */ = {isa = PBXFileReference; fileEncoding = 4; lastKnownFileType = sourcecode.c.h; path = "NSString+IDPRandom.h"; sourceTree = "<group>"; };
		564967E81F0BD0E500A0EFA3 /* NSString+IDPRandom.m */ = {isa = PBXFileReference; fileEncoding = 4; lastKnownFileType = sourcecode.c.objc; path = "NSString+IDPRandom.m"; sourceTree = "<group>"; };
		564967E91F0BD0E500A0EFA3 /* UINib+IDPExtensions.h */ = {isa = PBXFileReference; fileEncoding = 4; lastKnownFileType = sourcecode.c.h; path = "UINib+IDPExtensions.h"; sourceTree = "<group>"; };
		564967EA1F0BD0E500A0EFA3 /* UINib+IDPExtensions.m */ = {isa = PBXFileReference; fileEncoding = 4; lastKnownFileType = sourcecode.c.objc; path = "UINib+IDPExtensions.m"; sourceTree = "<group>"; };
		564967EB1F0BD0E500A0EFA3 /* UITableView+IDPExtensions.h */ = {isa = PBXFileReference; fileEncoding = 4; lastKnownFileType = sourcecode.c.h; path = "UITableView+IDPExtensions.h"; sourceTree = "<group>"; };
		564967EC1F0BD0E500A0EFA3 /* UITableView+IDPExtensions.m */ = {isa = PBXFileReference; fileEncoding = 4; lastKnownFileType = sourcecode.c.objc; path = "UITableView+IDPExtensions.m"; sourceTree = "<group>"; };
		564967ED1F0BD0E500A0EFA3 /* UIViewController+IDPExtensions.h */ = {isa = PBXFileReference; fileEncoding = 4; lastKnownFileType = sourcecode.c.h; path = "UIViewController+IDPExtensions.h"; sourceTree = "<group>"; };
		564967EE1F0BD0E500A0EFA3 /* UIViewController+IDPExtensions.m */ = {isa = PBXFileReference; fileEncoding = 4; lastKnownFileType = sourcecode.c.objc; path = "UIViewController+IDPExtensions.m"; sourceTree = "<group>"; };
		564967EF1F0BD0E500A0EFA3 /* UIWindow+IDPExtensions.h */ = {isa = PBXFileReference; fileEncoding = 4; lastKnownFileType = sourcecode.c.h; path = "UIWindow+IDPExtensions.h"; sourceTree = "<group>"; };
		564967F01F0BD0E500A0EFA3 /* UIWindow+IDPExtensions.m */ = {isa = PBXFileReference; fileEncoding = 4; lastKnownFileType = sourcecode.c.objc; path = "UIWindow+IDPExtensions.m"; sourceTree = "<group>"; };
		564C9C221F0D268A0007E8AA /* IDPCache.h */ = {isa = PBXFileReference; fileEncoding = 4; lastKnownFileType = sourcecode.c.h; path = IDPCache.h; sourceTree = "<group>"; };
		564C9C231F0D268A0007E8AA /* IDPCache.m */ = {isa = PBXFileReference; fileEncoding = 4; lastKnownFileType = sourcecode.c.objc; path = IDPCache.m; sourceTree = "<group>"; };
		5655107E1EF177C4001098B7 /* IDPMainView.h */ = {isa = PBXFileReference; fileEncoding = 4; lastKnownFileType = sourcecode.c.h; path = IDPMainView.h; sourceTree = "<group>"; };
		5655107F1EF177C4001098B7 /* IDPMainView.m */ = {isa = PBXFileReference; fileEncoding = 4; lastKnownFileType = sourcecode.c.objc; path = IDPMainView.m; sourceTree = "<group>"; };
		565510801EF177C4001098B7 /* IDPSquareViewController.h */ = {isa = PBXFileReference; fileEncoding = 4; lastKnownFileType = sourcecode.c.h; path = IDPSquareViewController.h; sourceTree = "<group>"; };
		565510811EF177C4001098B7 /* IDPSquareViewController.m */ = {isa = PBXFileReference; fileEncoding = 4; lastKnownFileType = sourcecode.c.objc; path = IDPSquareViewController.m; sourceTree = "<group>"; };
		565510821EF177C4001098B7 /* IDPSquareViewController.xib */ = {isa = PBXFileReference; fileEncoding = 4; lastKnownFileType = file.xib; path = IDPSquareViewController.xib; sourceTree = "<group>"; };
		565510841EF177C4001098B7 /* IDPSquareView.h */ = {isa = PBXFileReference; fileEncoding = 4; lastKnownFileType = sourcecode.c.h; path = IDPSquareView.h; sourceTree = "<group>"; };
		565510851EF177C4001098B7 /* IDPSquareView.m */ = {isa = PBXFileReference; fileEncoding = 4; lastKnownFileType = sourcecode.c.objc; path = IDPSquareView.m; sourceTree = "<group>"; };
		565642191F03E0760023B3EE /* IDPImageView.h */ = {isa = PBXFileReference; fileEncoding = 4; lastKnownFileType = sourcecode.c.h; path = IDPImageView.h; sourceTree = "<group>"; };
		5656421A1F03E0760023B3EE /* IDPImageView.m */ = {isa = PBXFileReference; fileEncoding = 4; lastKnownFileType = sourcecode.c.objc; path = IDPImageView.m; sourceTree = "<group>"; };
		5656421D1F03E14F0023B3EE /* IDPLoadingViewContainer.h */ = {isa = PBXFileReference; fileEncoding = 4; lastKnownFileType = sourcecode.c.h; path = IDPLoadingViewContainer.h; sourceTree = "<group>"; };
		5656421E1F03E14F0023B3EE /* IDPLoadingViewContainer.m */ = {isa = PBXFileReference; fileEncoding = 4; lastKnownFileType = sourcecode.c.objc; path = IDPLoadingViewContainer.m; sourceTree = "<group>"; };
		565642231F03E2780023B3EE /* IDPArrayModelObserver.h */ = {isa = PBXFileReference; fileEncoding = 4; lastKnownFileType = sourcecode.c.h; path = IDPArrayModelObserver.h; sourceTree = "<group>"; };
		565642241F03E2780023B3EE /* IDPLoading.h */ = {isa = PBXFileReference; fileEncoding = 4; lastKnownFileType = sourcecode.c.h; path = IDPLoading.h; sourceTree = "<group>"; };
		565642251F03E2780023B3EE /* IDPModelObserver.h */ = {isa = PBXFileReference; fileEncoding = 4; lastKnownFileType = sourcecode.c.h; path = IDPModelObserver.h; sourceTree = "<group>"; };
		565642261F03E2AB0023B3EE /* IDPLoadingView.h */ = {isa = PBXFileReference; fileEncoding = 4; lastKnownFileType = sourcecode.c.h; path = IDPLoadingView.h; sourceTree = "<group>"; };
		565642271F03E2AB0023B3EE /* IDPLoadingView.m */ = {isa = PBXFileReference; fileEncoding = 4; lastKnownFileType = sourcecode.c.objc; path = IDPLoadingView.m; sourceTree = "<group>"; };
		565642291F03EFC90023B3EE /* IDPLoadingView.xib */ = {isa = PBXFileReference; fileEncoding = 4; lastKnownFileType = file.xib; path = IDPLoadingView.xib; sourceTree = "<group>"; };
		566BCD6E1EF7A42C002531C4 /* IDPAppDelegate.h */ = {isa = PBXFileReference; fileEncoding = 4; lastKnownFileType = sourcecode.c.h; path = IDPAppDelegate.h; sourceTree = "<group>"; };
		566BCD6F1EF7A42C002531C4 /* IDPAppDelegate.m */ = {isa = PBXFileReference; fileEncoding = 4; lastKnownFileType = sourcecode.c.objc; path = IDPAppDelegate.m; sourceTree = "<group>"; };
		566BCD701EF7A42C002531C4 /* Info.plist */ = {isa = PBXFileReference; fileEncoding = 4; lastKnownFileType = text.plist.xml; path = Info.plist; sourceTree = "<group>"; };
		566BCD711EF7A42C002531C4 /* main.m */ = {isa = PBXFileReference; fileEncoding = 4; lastKnownFileType = sourcecode.c.objc; path = main.m; sourceTree = "<group>"; };
		566BCD801EF7F3AC002531C4 /* IDPUsersView.h */ = {isa = PBXFileReference; fileEncoding = 4; lastKnownFileType = sourcecode.c.h; path = IDPUsersView.h; sourceTree = "<group>"; };
		566BCD811EF7F3AC002531C4 /* IDPUsersView.m */ = {isa = PBXFileReference; fileEncoding = 4; lastKnownFileType = sourcecode.c.objc; path = IDPUsersView.m; sourceTree = "<group>"; };
		566BCD821EF7F3AC002531C4 /* IDPUsersViewController.h */ = {isa = PBXFileReference; fileEncoding = 4; lastKnownFileType = sourcecode.c.h; path = IDPUsersViewController.h; sourceTree = "<group>"; };
		566BCD831EF7F3AC002531C4 /* IDPUsersViewController.m */ = {isa = PBXFileReference; fileEncoding = 4; lastKnownFileType = sourcecode.c.objc; path = IDPUsersViewController.m; sourceTree = "<group>"; };
		566BCD841EF7F3AC002531C4 /* IDPUsersViewController.xib */ = {isa = PBXFileReference; fileEncoding = 4; lastKnownFileType = file.xib; path = IDPUsersViewController.xib; sourceTree = "<group>"; };
		566BCD861EF7F3AC002531C4 /* IDPUserCell.h */ = {isa = PBXFileReference; fileEncoding = 4; lastKnownFileType = sourcecode.c.h; path = IDPUserCell.h; sourceTree = "<group>"; };
		566BCD871EF7F3AC002531C4 /* IDPUserCell.m */ = {isa = PBXFileReference; fileEncoding = 4; lastKnownFileType = sourcecode.c.objc; path = IDPUserCell.m; sourceTree = "<group>"; };
		566BCD881EF7F3AC002531C4 /* IDPUserCell.xib */ = {isa = PBXFileReference; fileEncoding = 4; lastKnownFileType = file.xib; path = IDPUserCell.xib; sourceTree = "<group>"; };
		567450B01F02A34A00103897 /* IDPGCD.h */ = {isa = PBXFileReference; fileEncoding = 4; lastKnownFileType = sourcecode.c.h; path = IDPGCD.h; sourceTree = "<group>"; };
		567450B11F02A34A00103897 /* IDPGCD.m */ = {isa = PBXFileReference; fileEncoding = 4; lastKnownFileType = sourcecode.c.objc; path = IDPGCD.m; sourceTree = "<group>"; };
		5696A74E1F0E20A600C3A6DC /* NSURL+IDPExtensions.h */ = {isa = PBXFileReference; fileEncoding = 4; lastKnownFileType = sourcecode.c.h; path = "NSURL+IDPExtensions.h"; sourceTree = "<group>"; };
		5696A74F1F0E20A600C3A6DC /* NSURL+IDPExtensions.m */ = {isa = PBXFileReference; fileEncoding = 4; lastKnownFileType = sourcecode.c.objc; path = "NSURL+IDPExtensions.m"; sourceTree = "<group>"; };
/* End PBXFileReference section */

/* Begin PBXFrameworksBuildPhase section */
		5630DF9B1EEE64750048DF18 /* Frameworks */ = {
			isa = PBXFrameworksBuildPhase;
			buildActionMask = 2147483647;
			files = (
			);
			runOnlyForDeploymentPostprocessing = 0;
		};
/* End PBXFrameworksBuildPhase section */

/* Begin PBXGroup section */
		5617772B1EF26581001C16B7 /* Library */ = {
			isa = PBXGroup;
			children = (
				564967DA1F0BD0E500A0EFA3 /* Extensions */,
				565642221F03E2780023B3EE /* Protocols */,
				567450AF1F02A34A00103897 /* GCD */,
				5617774D1EF27750001C16B7 /* Classes */,
				561777331EF26581001C16B7 /* IDPMacro.h */,
				561777341EF26581001C16B7 /* IDPRandom.h */,
				561777351EF26581001C16B7 /* IDPRandom.m */,
			);
			path = Library;
			sourceTree = "<group>";
		};
		561777441EF270E8001C16B7 /* Resources */ = {
			isa = PBXGroup;
			children = (
				561777451EF270E8001C16B7 /* Assets.xcassets */,
				561777461EF270E8001C16B7 /* LaunchScreen.storyboard */,
				561777481EF270E8001C16B7 /* Images */,
			);
			path = Resources;
			sourceTree = "<group>";
		};
		561777481EF270E8001C16B7 /* Images */ = {
			isa = PBXGroup;
			children = (
				561777491EF270E8001C16B7 /* image.jpg */,
			);
			path = Images;
			sourceTree = "<group>";
		};
		5617774D1EF27750001C16B7 /* Classes */ = {
			isa = PBXGroup;
			children = (
				564C9C211F0D268A0007E8AA /* IDPCache */,
				5617774E1EF27750001C16B7 /* IDPObsevableObject */,
				561777581EF27750001C16B7 /* IDPTableViewCell */,
			);
			path = Classes;
			sourceTree = "<group>";
		};
		5617774E1EF27750001C16B7 /* IDPObsevableObject */ = {
			isa = PBXGroup;
			children = (
				561777511EF27750001C16B7 /* IDPObservableObject.h */,
				561777521EF27750001C16B7 /* IDPObservableObject.m */,
			);
			path = IDPObsevableObject;
			sourceTree = "<group>";
		};
		561777581EF27750001C16B7 /* IDPTableViewCell */ = {
			isa = PBXGroup;
			children = (
				561777591EF27750001C16B7 /* IDPTableViewCell.h */,
				5617775A1EF27750001C16B7 /* IDPTableViewCell.m */,
			);
			path = IDPTableViewCell;
			sourceTree = "<group>";
		};
		5630DF951EEE64750048DF18 = {
			isa = PBXGroup;
			children = (
				566BCD6D1EF7A42C002531C4 /* Main */,
				561777441EF270E8001C16B7 /* Resources */,
				565510691EF177C4001098B7 /* Sources */,
				5630DF9F1EEE64750048DF18 /* Products */,
			);
			sourceTree = "<group>";
		};
		5630DF9F1EEE64750048DF18 /* Products */ = {
			isa = PBXGroup;
			children = (
				5630DF9E1EEE64750048DF18 /* UITask01.app */,
			);
			name = Products;
			sourceTree = "<group>";
		};
		564967A91F0BD0AB00A0EFA3 /* Models */ = {
			isa = PBXGroup;
			children = (
				564967AA1F0BD0AB00A0EFA3 /* IDPArrayModel */,
				564967AD1F0BD0AB00A0EFA3 /* IDPImageModel */,
				564967B51F0BD0AB00A0EFA3 /* IDPModel */,
				564967B81F0BD0AB00A0EFA3 /* IDPModificationModel */,
				564967C41F0BD0AB00A0EFA3 /* IDPSquare */,
				564967C71F0BD0AB00A0EFA3 /* IDPUser */,
				564967CA1F0BD0AB00A0EFA3 /* IDPUsersModel */,
			);
			path = Models;
			sourceTree = "<group>";
		};
		564967AA1F0BD0AB00A0EFA3 /* IDPArrayModel */ = {
			isa = PBXGroup;
			children = (
				564967AB1F0BD0AB00A0EFA3 /* IDPArrayModel.h */,
				564967AC1F0BD0AB00A0EFA3 /* IDPArrayModel.m */,
			);
			path = IDPArrayModel;
			sourceTree = "<group>";
		};
		564967AD1F0BD0AB00A0EFA3 /* IDPImageModel */ = {
			isa = PBXGroup;
			children = (
				564967AE1F0BD0AB00A0EFA3 /* IDPImageModel.h */,
				564967AF1F0BD0AB00A0EFA3 /* IDPImageModel.m */,
				564967B01F0BD0AB00A0EFA3 /* Private */,
			);
			path = IDPImageModel;
			sourceTree = "<group>";
		};
		564967B01F0BD0AB00A0EFA3 /* Private */ = {
			isa = PBXGroup;
			children = (
				564967B11F0BD0AB00A0EFA3 /* IDPFileSystemImageModel.h */,
				564967B21F0BD0AB00A0EFA3 /* IDPFileSystemImageModel.m */,
				564967B31F0BD0AB00A0EFA3 /* IDPInternetImageModel.h */,
				564967B41F0BD0AB00A0EFA3 /* IDPInternetImageModel.m */,
			);
			path = Private;
			sourceTree = "<group>";
		};
		564967B51F0BD0AB00A0EFA3 /* IDPModel */ = {
			isa = PBXGroup;
			children = (
				564967B61F0BD0AB00A0EFA3 /* IDPModel.h */,
				564967B71F0BD0AB00A0EFA3 /* IDPModel.m */,
			);
			path = IDPModel;
			sourceTree = "<group>";
		};
		564967B81F0BD0AB00A0EFA3 /* IDPModificationModel */ = {
			isa = PBXGroup;
			children = (
				564967B91F0BD0AB00A0EFA3 /* IDPModificationModel.h */,
				564967BA1F0BD0AB00A0EFA3 /* IDPModificationModel.m */,
				564967BB1F0BD0AB00A0EFA3 /* Private */,
			);
			path = IDPModificationModel;
			sourceTree = "<group>";
		};
		564967BB1F0BD0AB00A0EFA3 /* Private */ = {
			isa = PBXGroup;
			children = (
				564967BC1F0BD0AB00A0EFA3 /* IDPDeletionModel.h */,
				564967BD1F0BD0AB00A0EFA3 /* IDPDeletionModel.m */,
				564967BE1F0BD0AB00A0EFA3 /* IDPDoubleIndexModificationModel.h */,
				564967BF1F0BD0AB00A0EFA3 /* IDPDoubleIndexModificationModel.m */,
				564967C01F0BD0AB00A0EFA3 /* IDPInsertionModel.h */,
				564967C11F0BD0AB00A0EFA3 /* IDPInsertionModel.m */,
				564967C21F0BD0AB00A0EFA3 /* IDPMovementModel.h */,
				564967C31F0BD0AB00A0EFA3 /* IDPMovementModel.m */,
			);
			path = Private;
			sourceTree = "<group>";
		};
		564967C41F0BD0AB00A0EFA3 /* IDPSquare */ = {
			isa = PBXGroup;
			children = (
				564967C51F0BD0AB00A0EFA3 /* IDPSquare.h */,
				564967C61F0BD0AB00A0EFA3 /* IDPSquare.m */,
			);
			path = IDPSquare;
			sourceTree = "<group>";
		};
		564967C71F0BD0AB00A0EFA3 /* IDPUser */ = {
			isa = PBXGroup;
			children = (
				564967C81F0BD0AB00A0EFA3 /* IDPUser.h */,
				564967C91F0BD0AB00A0EFA3 /* IDPUser.m */,
			);
			path = IDPUser;
			sourceTree = "<group>";
		};
		564967CA1F0BD0AB00A0EFA3 /* IDPUsersModel */ = {
			isa = PBXGroup;
			children = (
				564967CB1F0BD0AB00A0EFA3 /* IDPUsersModel.h */,
				564967CC1F0BD0AB00A0EFA3 /* IDPUsersModel.m */,
			);
			path = IDPUsersModel;
			sourceTree = "<group>";
		};
		564967DA1F0BD0E500A0EFA3 /* Extensions */ = {
			isa = PBXGroup;
			children = (
				564967DD1F0BD0E500A0EFA3 /* IDPModificationModel+UITableView.h */,
				564967DE1F0BD0E500A0EFA3 /* IDPModificationModel+UITableView.m */,
				564967DF1F0BD0E500A0EFA3 /* NSArray+IDPExtensions.h */,
				564967E01F0BD0E500A0EFA3 /* NSArray+IDPExtensions.m */,
				564967E11F0BD0E500A0EFA3 /* NSBundle+IDPExtensions.h */,
				564967E21F0BD0E500A0EFA3 /* NSBundle+IDPExtensions.m */,
				564967E31F0BD0E500A0EFA3 /* NSFileManager+IDPExtensions.h */,
				564967E41F0BD0E500A0EFA3 /* NSFileManager+IDPExtensions.m */,
				564967E51F0BD0E500A0EFA3 /* NSMutableArray+IDPExtensions.h */,
				564967E61F0BD0E500A0EFA3 /* NSMutableArray+IDPExtensions.m */,
				564967E71F0BD0E500A0EFA3 /* NSString+IDPRandom.h */,
				564967E81F0BD0E500A0EFA3 /* NSString+IDPRandom.m */,
				564967E91F0BD0E500A0EFA3 /* UINib+IDPExtensions.h */,
				564967EA1F0BD0E500A0EFA3 /* UINib+IDPExtensions.m */,
				564967EB1F0BD0E500A0EFA3 /* UITableView+IDPExtensions.h */,
				564967EC1F0BD0E500A0EFA3 /* UITableView+IDPExtensions.m */,
				564967ED1F0BD0E500A0EFA3 /* UIViewController+IDPExtensions.h */,
				564967EE1F0BD0E500A0EFA3 /* UIViewController+IDPExtensions.m */,
				564967EF1F0BD0E500A0EFA3 /* UIWindow+IDPExtensions.h */,
				564967F01F0BD0E500A0EFA3 /* UIWindow+IDPExtensions.m */,
				5696A74E1F0E20A600C3A6DC /* NSURL+IDPExtensions.h */,
				5696A74F1F0E20A600C3A6DC /* NSURL+IDPExtensions.m */,
			);
			path = Extensions;
			sourceTree = "<group>";
		};
		564B5CCA1EF3B82E00C4D048 /* Views */ = {
			isa = PBXGroup;
			children = (
				5656421C1F03E12A0023B3EE /* IDPLoadingViewContainer */,
				565642181F03E0630023B3EE /* IDPImageView */,
			);
			path = Views;
			sourceTree = "<group>";
		};
		564C9C211F0D268A0007E8AA /* IDPCache */ = {
			isa = PBXGroup;
			children = (
				564C9C221F0D268A0007E8AA /* IDPCache.h */,
				564C9C231F0D268A0007E8AA /* IDPCache.m */,
			);
			path = IDPCache;
			sourceTree = "<group>";
		};
		565510691EF177C4001098B7 /* Sources */ = {
			isa = PBXGroup;
			children = (
				564967A91F0BD0AB00A0EFA3 /* Models */,
				5617772B1EF26581001C16B7 /* Library */,
				5655107C1EF177C4001098B7 /* UI */,
			);
			path = Sources;
			sourceTree = "<group>";
		};
		5655107C1EF177C4001098B7 /* UI */ = {
			isa = PBXGroup;
			children = (
				566BCD7F1EF7F3AC002531C4 /* IDPUsersViewController */,
				564B5CCA1EF3B82E00C4D048 /* Views */,
				5655107D1EF177C4001098B7 /* IDPSquareViewVontroller */,
			);
			path = UI;
			sourceTree = "<group>";
		};
		5655107D1EF177C4001098B7 /* IDPSquareViewVontroller */ = {
			isa = PBXGroup;
			children = (
				5655107E1EF177C4001098B7 /* IDPMainView.h */,
				5655107F1EF177C4001098B7 /* IDPMainView.m */,
				565510801EF177C4001098B7 /* IDPSquareViewController.h */,
				565510811EF177C4001098B7 /* IDPSquareViewController.m */,
				565510821EF177C4001098B7 /* IDPSquareViewController.xib */,
				565510831EF177C4001098B7 /* Views */,
			);
			path = IDPSquareViewVontroller;
			sourceTree = "<group>";
		};
		565510831EF177C4001098B7 /* Views */ = {
			isa = PBXGroup;
			children = (
				565510841EF177C4001098B7 /* IDPSquareView.h */,
				565510851EF177C4001098B7 /* IDPSquareView.m */,
			);
			path = Views;
			sourceTree = "<group>";
		};
		565642181F03E0630023B3EE /* IDPImageView */ = {
			isa = PBXGroup;
			children = (
				565642191F03E0760023B3EE /* IDPImageView.h */,
				5656421A1F03E0760023B3EE /* IDPImageView.m */,
			);
			path = IDPImageView;
			sourceTree = "<group>";
		};
		5656421C1F03E12A0023B3EE /* IDPLoadingViewContainer */ = {
			isa = PBXGroup;
			children = (
				565642201F03E1B10023B3EE /* Private */,
				5656421D1F03E14F0023B3EE /* IDPLoadingViewContainer.h */,
				5656421E1F03E14F0023B3EE /* IDPLoadingViewContainer.m */,
			);
			path = IDPLoadingViewContainer;
			sourceTree = "<group>";
		};
		565642201F03E1B10023B3EE /* Private */ = {
			isa = PBXGroup;
			children = (
				565642261F03E2AB0023B3EE /* IDPLoadingView.h */,
				565642271F03E2AB0023B3EE /* IDPLoadingView.m */,
				565642291F03EFC90023B3EE /* IDPLoadingView.xib */,
			);
			path = Private;
			sourceTree = "<group>";
		};
		565642221F03E2780023B3EE /* Protocols */ = {
			isa = PBXGroup;
			children = (
				565642231F03E2780023B3EE /* IDPArrayModelObserver.h */,
				565642241F03E2780023B3EE /* IDPLoading.h */,
				565642251F03E2780023B3EE /* IDPModelObserver.h */,
			);
			path = Protocols;
			sourceTree = "<group>";
		};
		566BCD6D1EF7A42C002531C4 /* Main */ = {
			isa = PBXGroup;
			children = (
				566BCD6E1EF7A42C002531C4 /* IDPAppDelegate.h */,
				566BCD6F1EF7A42C002531C4 /* IDPAppDelegate.m */,
				566BCD701EF7A42C002531C4 /* Info.plist */,
				566BCD711EF7A42C002531C4 /* main.m */,
			);
			path = Main;
			sourceTree = "<group>";
		};
		566BCD7F1EF7F3AC002531C4 /* IDPUsersViewController */ = {
			isa = PBXGroup;
			children = (
				566BCD801EF7F3AC002531C4 /* IDPUsersView.h */,
				566BCD811EF7F3AC002531C4 /* IDPUsersView.m */,
				566BCD821EF7F3AC002531C4 /* IDPUsersViewController.h */,
				566BCD831EF7F3AC002531C4 /* IDPUsersViewController.m */,
				566BCD841EF7F3AC002531C4 /* IDPUsersViewController.xib */,
				566BCD851EF7F3AC002531C4 /* Views */,
			);
			path = IDPUsersViewController;
			sourceTree = "<group>";
		};
		566BCD851EF7F3AC002531C4 /* Views */ = {
			isa = PBXGroup;
			children = (
				566BCD861EF7F3AC002531C4 /* IDPUserCell.h */,
				566BCD871EF7F3AC002531C4 /* IDPUserCell.m */,
				566BCD881EF7F3AC002531C4 /* IDPUserCell.xib */,
			);
			path = Views;
			sourceTree = "<group>";
		};
		567450AF1F02A34A00103897 /* GCD */ = {
			isa = PBXGroup;
			children = (
				567450B01F02A34A00103897 /* IDPGCD.h */,
				567450B11F02A34A00103897 /* IDPGCD.m */,
			);
			path = GCD;
			sourceTree = "<group>";
		};
/* End PBXGroup section */

/* Begin PBXNativeTarget section */
		5630DF9D1EEE64750048DF18 /* UITask01 */ = {
			isa = PBXNativeTarget;
			buildConfigurationList = 5630DFB51EEE64750048DF18 /* Build configuration list for PBXNativeTarget "UITask01" */;
			buildPhases = (
				5630DF9A1EEE64750048DF18 /* Sources */,
				5630DF9B1EEE64750048DF18 /* Frameworks */,
				5630DF9C1EEE64750048DF18 /* Resources */,
			);
			buildRules = (
			);
			dependencies = (
			);
			name = UITask01;
			productName = UITask01;
			productReference = 5630DF9E1EEE64750048DF18 /* UITask01.app */;
			productType = "com.apple.product-type.application";
		};
/* End PBXNativeTarget section */

/* Begin PBXProject section */
		5630DF961EEE64750048DF18 /* Project object */ = {
			isa = PBXProject;
			attributes = {
				LastUpgradeCheck = 0820;
				ORGANIZATIONNAME = Student003;
				TargetAttributes = {
					5630DF9D1EEE64750048DF18 = {
						CreatedOnToolsVersion = 8.2.1;
						ProvisioningStyle = Automatic;
					};
				};
			};
			buildConfigurationList = 5630DF991EEE64750048DF18 /* Build configuration list for PBXProject "UITask01" */;
			compatibilityVersion = "Xcode 3.2";
			developmentRegion = English;
			hasScannedForEncodings = 0;
			knownRegions = (
				en,
				Base,
			);
			mainGroup = 5630DF951EEE64750048DF18;
			productRefGroup = 5630DF9F1EEE64750048DF18 /* Products */;
			projectDirPath = "";
			projectRoot = "";
			targets = (
				5630DF9D1EEE64750048DF18 /* UITask01 */,
			);
		};
/* End PBXProject section */

/* Begin PBXResourcesBuildPhase section */
		5630DF9C1EEE64750048DF18 /* Resources */ = {
			isa = PBXResourcesBuildPhase;
			buildActionMask = 2147483647;
			files = (
				565510971EF177C4001098B7 /* IDPSquareViewController.xib in Resources */,
				566BCD8D1EF7F3AC002531C4 /* IDPUsersViewController.xib in Resources */,
				5617774B1EF270E8001C16B7 /* LaunchScreen.storyboard in Resources */,
				5617774C1EF270E8001C16B7 /* image.jpg in Resources */,
				5656422A1F03EFC90023B3EE /* IDPLoadingView.xib in Resources */,
				5617774A1EF270E8001C16B7 /* Assets.xcassets in Resources */,
				566BCD8F1EF7F3AC002531C4 /* IDPUserCell.xib in Resources */,
				566BCD731EF7A42C002531C4 /* Info.plist in Resources */,
			);
			runOnlyForDeploymentPostprocessing = 0;
		};
/* End PBXResourcesBuildPhase section */

/* Begin PBXSourcesBuildPhase section */
		5630DF9A1EEE64750048DF18 /* Sources */ = {
			isa = PBXSourcesBuildPhase;
			buildActionMask = 2147483647;
			files = (
				561777381EF26581001C16B7 /* IDPRandom.m in Sources */,
				566BCD8B1EF7F3AC002531C4 /* IDPUsersView.m in Sources */,
				566BCD8E1EF7F3AC002531C4 /* IDPUserCell.m in Sources */,
				564967F51F0BD0E500A0EFA3 /* NSFileManager+IDPExtensions.m in Sources */,
				5617775C1EF27750001C16B7 /* IDPObservableObject.m in Sources */,
				564967FA1F0BD0E500A0EFA3 /* UIViewController+IDPExtensions.m in Sources */,
				565642281F03E2AB0023B3EE /* IDPLoadingView.m in Sources */,
				564967F41F0BD0E500A0EFA3 /* NSBundle+IDPExtensions.m in Sources */,
				564967D31F0BD0AB00A0EFA3 /* IDPDeletionModel.m in Sources */,
				567450B21F02A34A00103897 /* IDPGCD.m in Sources */,
				5656421F1F03E14F0023B3EE /* IDPLoadingViewContainer.m in Sources */,
				564967F31F0BD0E500A0EFA3 /* NSArray+IDPExtensions.m in Sources */,
				565510981EF177C4001098B7 /* IDPSquareView.m in Sources */,
				564967D01F0BD0AB00A0EFA3 /* IDPInternetImageModel.m in Sources */,
				566BCD741EF7A42C002531C4 /* main.m in Sources */,
				564C9C241F0D268A0007E8AA /* IDPCache.m in Sources */,
				564967D81F0BD0AB00A0EFA3 /* IDPUser.m in Sources */,
				565510961EF177C4001098B7 /* IDPSquareViewController.m in Sources */,
				564967F61F0BD0E500A0EFA3 /* NSMutableArray+IDPExtensions.m in Sources */,
				564967F81F0BD0E500A0EFA3 /* UINib+IDPExtensions.m in Sources */,
				564967F21F0BD0E500A0EFA3 /* IDPModificationModel+UITableView.m in Sources */,
				564967F71F0BD0E500A0EFA3 /* NSString+IDPRandom.m in Sources */,
				566BCD721EF7A42C002531C4 /* IDPAppDelegate.m in Sources */,
				564967D11F0BD0AB00A0EFA3 /* IDPModel.m in Sources */,
				564967CE1F0BD0AB00A0EFA3 /* IDPImageModel.m in Sources */,
				566BCD8C1EF7F3AC002531C4 /* IDPUsersViewController.m in Sources */,
				564967D21F0BD0AB00A0EFA3 /* IDPModificationModel.m in Sources */,
				564967D71F0BD0AB00A0EFA3 /* IDPSquare.m in Sources */,
				564967D91F0BD0AB00A0EFA3 /* IDPUsersModel.m in Sources */,
				564967F91F0BD0E500A0EFA3 /* UITableView+IDPExtensions.m in Sources */,
				564967CD1F0BD0AB00A0EFA3 /* IDPArrayModel.m in Sources */,
				565510951EF177C4001098B7 /* IDPMainView.m in Sources */,
				564967FB1F0BD0E500A0EFA3 /* UIWindow+IDPExtensions.m in Sources */,
				564967D51F0BD0AB00A0EFA3 /* IDPInsertionModel.m in Sources */,
				564967CF1F0BD0AB00A0EFA3 /* IDPFileSystemImageModel.m in Sources */,
				5656421B1F03E0760023B3EE /* IDPImageView.m in Sources */,
				5696A7501F0E20A600C3A6DC /* NSURL+IDPExtensions.m in Sources */,
				5617775E1EF27750001C16B7 /* IDPTableViewCell.m in Sources */,
				564967D61F0BD0AB00A0EFA3 /* IDPMovementModel.m in Sources */,
				564967D41F0BD0AB00A0EFA3 /* IDPDoubleIndexModificationModel.m in Sources */,
			);
			runOnlyForDeploymentPostprocessing = 0;
		};
/* End PBXSourcesBuildPhase section */

/* Begin PBXVariantGroup section */
		561777461EF270E8001C16B7 /* LaunchScreen.storyboard */ = {
			isa = PBXVariantGroup;
			children = (
				561777471EF270E8001C16B7 /* Base */,
			);
			name = LaunchScreen.storyboard;
			sourceTree = "<group>";
		};
/* End PBXVariantGroup section */

/* Begin XCBuildConfiguration section */
		5630DFB31EEE64750048DF18 /* Debug */ = {
			isa = XCBuildConfiguration;
			buildSettings = {
				ALWAYS_SEARCH_USER_PATHS = NO;
				CLANG_ANALYZER_NONNULL = YES;
				CLANG_CXX_LANGUAGE_STANDARD = "gnu++0x";
				CLANG_CXX_LIBRARY = "libc++";
				CLANG_ENABLE_MODULES = YES;
				CLANG_ENABLE_OBJC_ARC = YES;
				CLANG_WARN_BOOL_CONVERSION = YES;
				CLANG_WARN_CONSTANT_CONVERSION = YES;
				CLANG_WARN_DIRECT_OBJC_ISA_USAGE = YES_ERROR;
				CLANG_WARN_DOCUMENTATION_COMMENTS = YES;
				CLANG_WARN_EMPTY_BODY = YES;
				CLANG_WARN_ENUM_CONVERSION = YES;
				CLANG_WARN_INFINITE_RECURSION = YES;
				CLANG_WARN_INT_CONVERSION = YES;
				CLANG_WARN_OBJC_ROOT_CLASS = YES_ERROR;
				CLANG_WARN_SUSPICIOUS_MOVE = YES;
				CLANG_WARN_UNREACHABLE_CODE = YES;
				CLANG_WARN__DUPLICATE_METHOD_MATCH = YES;
				"CODE_SIGN_IDENTITY[sdk=iphoneos*]" = "iPhone Developer";
				COPY_PHASE_STRIP = NO;
				DEBUG_INFORMATION_FORMAT = dwarf;
				ENABLE_STRICT_OBJC_MSGSEND = YES;
				ENABLE_TESTABILITY = YES;
				GCC_C_LANGUAGE_STANDARD = gnu99;
				GCC_DYNAMIC_NO_PIC = NO;
				GCC_NO_COMMON_BLOCKS = YES;
				GCC_OPTIMIZATION_LEVEL = 0;
				GCC_PREPROCESSOR_DEFINITIONS = (
					"DEBUG=1",
					"$(inherited)",
				);
				GCC_WARN_64_TO_32_BIT_CONVERSION = YES;
				GCC_WARN_ABOUT_RETURN_TYPE = YES_ERROR;
				GCC_WARN_UNDECLARED_SELECTOR = YES;
				GCC_WARN_UNINITIALIZED_AUTOS = YES_AGGRESSIVE;
				GCC_WARN_UNUSED_FUNCTION = YES;
				GCC_WARN_UNUSED_VARIABLE = YES;
				IPHONEOS_DEPLOYMENT_TARGET = 10.2;
				MTL_ENABLE_DEBUG_INFO = YES;
				ONLY_ACTIVE_ARCH = YES;
				SDKROOT = iphoneos;
			};
			name = Debug;
		};
		5630DFB41EEE64750048DF18 /* Release */ = {
			isa = XCBuildConfiguration;
			buildSettings = {
				ALWAYS_SEARCH_USER_PATHS = NO;
				CLANG_ANALYZER_NONNULL = YES;
				CLANG_CXX_LANGUAGE_STANDARD = "gnu++0x";
				CLANG_CXX_LIBRARY = "libc++";
				CLANG_ENABLE_MODULES = YES;
				CLANG_ENABLE_OBJC_ARC = YES;
				CLANG_WARN_BOOL_CONVERSION = YES;
				CLANG_WARN_CONSTANT_CONVERSION = YES;
				CLANG_WARN_DIRECT_OBJC_ISA_USAGE = YES_ERROR;
				CLANG_WARN_DOCUMENTATION_COMMENTS = YES;
				CLANG_WARN_EMPTY_BODY = YES;
				CLANG_WARN_ENUM_CONVERSION = YES;
				CLANG_WARN_INFINITE_RECURSION = YES;
				CLANG_WARN_INT_CONVERSION = YES;
				CLANG_WARN_OBJC_ROOT_CLASS = YES_ERROR;
				CLANG_WARN_SUSPICIOUS_MOVE = YES;
				CLANG_WARN_UNREACHABLE_CODE = YES;
				CLANG_WARN__DUPLICATE_METHOD_MATCH = YES;
				"CODE_SIGN_IDENTITY[sdk=iphoneos*]" = "iPhone Developer";
				COPY_PHASE_STRIP = NO;
				DEBUG_INFORMATION_FORMAT = "dwarf-with-dsym";
				ENABLE_NS_ASSERTIONS = NO;
				ENABLE_STRICT_OBJC_MSGSEND = YES;
				GCC_C_LANGUAGE_STANDARD = gnu99;
				GCC_NO_COMMON_BLOCKS = YES;
				GCC_WARN_64_TO_32_BIT_CONVERSION = YES;
				GCC_WARN_ABOUT_RETURN_TYPE = YES_ERROR;
				GCC_WARN_UNDECLARED_SELECTOR = YES;
				GCC_WARN_UNINITIALIZED_AUTOS = YES_AGGRESSIVE;
				GCC_WARN_UNUSED_FUNCTION = YES;
				GCC_WARN_UNUSED_VARIABLE = YES;
				IPHONEOS_DEPLOYMENT_TARGET = 10.2;
				MTL_ENABLE_DEBUG_INFO = NO;
				SDKROOT = iphoneos;
				VALIDATE_PRODUCT = YES;
			};
			name = Release;
		};
		5630DFB61EEE64750048DF18 /* Debug */ = {
			isa = XCBuildConfiguration;
			buildSettings = {
				ASSETCATALOG_COMPILER_APPICON_NAME = AppIcon;
				INFOPLIST_FILE = "$(SRCROOT)/Main/Info.plist";
				LD_RUNPATH_SEARCH_PATHS = "$(inherited) @executable_path/Frameworks";
				PRODUCT_BUNDLE_IDENTIFIER = IDP.UITask01;
				PRODUCT_NAME = "$(TARGET_NAME)";
			};
			name = Debug;
		};
		5630DFB71EEE64750048DF18 /* Release */ = {
			isa = XCBuildConfiguration;
			buildSettings = {
				ASSETCATALOG_COMPILER_APPICON_NAME = AppIcon;
				INFOPLIST_FILE = "$(SRCROOT)/Main/Info.plist";
				LD_RUNPATH_SEARCH_PATHS = "$(inherited) @executable_path/Frameworks";
				PRODUCT_BUNDLE_IDENTIFIER = IDP.UITask01;
				PRODUCT_NAME = "$(TARGET_NAME)";
			};
			name = Release;
		};
/* End XCBuildConfiguration section */

/* Begin XCConfigurationList section */
		5630DF991EEE64750048DF18 /* Build configuration list for PBXProject "UITask01" */ = {
			isa = XCConfigurationList;
			buildConfigurations = (
				5630DFB31EEE64750048DF18 /* Debug */,
				5630DFB41EEE64750048DF18 /* Release */,
			);
			defaultConfigurationIsVisible = 0;
			defaultConfigurationName = Release;
		};
		5630DFB51EEE64750048DF18 /* Build configuration list for PBXNativeTarget "UITask01" */ = {
			isa = XCConfigurationList;
			buildConfigurations = (
				5630DFB61EEE64750048DF18 /* Debug */,
				5630DFB71EEE64750048DF18 /* Release */,
			);
			defaultConfigurationIsVisible = 0;
			defaultConfigurationName = Release;
		};
/* End XCConfigurationList section */
	};
	rootObject = 5630DF961EEE64750048DF18 /* Project object */;
}
